// !$*UTF8*$!
{
	archiveVersion = 1;
	classes = {
	};
	objectVersion = 46;
	objects = {

/* Begin PBXBuildFile section */
		78EAABE41F29BE5900182F57 /* main.m in Sources */ = {isa = PBXBuildFile; fileRef = 78EAABE31F29BE5900182F57 /* main.m */; };
		78EAABE71F29BE5900182F57 /* AppDelegate.m in Sources */ = {isa = PBXBuildFile; fileRef = 78EAABE61F29BE5900182F57 /* AppDelegate.m */; };
		78EAABEA1F29BE5900182F57 /* ViewController.m in Sources */ = {isa = PBXBuildFile; fileRef = 78EAABE91F29BE5900182F57 /* ViewController.m */; };
		78EAABED1F29BE5900182F57 /* Main.storyboard in Resources */ = {isa = PBXBuildFile; fileRef = 78EAABEB1F29BE5900182F57 /* Main.storyboard */; };
		78EAABEF1F29BE5900182F57 /* Assets.xcassets in Resources */ = {isa = PBXBuildFile; fileRef = 78EAABEE1F29BE5900182F57 /* Assets.xcassets */; };
		78EAABF21F29BE5900182F57 /* LaunchScreen.storyboard in Resources */ = {isa = PBXBuildFile; fileRef = 78EAABF01F29BE5900182F57 /* LaunchScreen.storyboard */; };
		78EAABFD1F29BE5900182F57 /* UIControl__Tests.m in Sources */ = {isa = PBXBuildFile; fileRef = 78EAABFC1F29BE5900182F57 /* UIControl__Tests.m */; };
		78EAAC081F29BE5900182F57 /* UIControl__UITests.m in Sources */ = {isa = PBXBuildFile; fileRef = 78EAAC071F29BE5900182F57 /* UIControl__UITests.m */; };
/* End PBXBuildFile section */

/* Begin PBXContainerItemProxy section */
		78EAABF91F29BE5900182F57 /* PBXContainerItemProxy */ = {
			isa = PBXContainerItemProxy;
			containerPortal = 78EAABD71F29BE5900182F57 /* Project object */;
			proxyType = 1;
			remoteGlobalIDString = 78EAABDE1F29BE5900182F57;
			remoteInfo = "UIControl交互";
		};
		78EAAC041F29BE5900182F57 /* PBXContainerItemProxy */ = {
			isa = PBXContainerItemProxy;
			containerPortal = 78EAABD71F29BE5900182F57 /* Project object */;
			proxyType = 1;
			remoteGlobalIDString = 78EAABDE1F29BE5900182F57;
			remoteInfo = "UIControl交互";
		};
/* End PBXContainerItemProxy section */

/* Begin PBXFileReference section */
		78EAABDF1F29BE5900182F57 /* UIControl交互.app */ = {isa = PBXFileReference; explicitFileType = wrapper.application; includeInIndex = 0; path = "UIControl交互.app"; sourceTree = BUILT_PRODUCTS_DIR; };
		78EAABE31F29BE5900182F57 /* main.m */ = {isa = PBXFileReference; lastKnownFileType = sourcecode.c.objc; path = main.m; sourceTree = "<group>"; };
		78EAABE51F29BE5900182F57 /* AppDelegate.h */ = {isa = PBXFileReference; lastKnownFileType = sourcecode.c.h; path = AppDelegate.h; sourceTree = "<group>"; };
		78EAABE61F29BE5900182F57 /* AppDelegate.m */ = {isa = PBXFileReference; lastKnownFileType = sourcecode.c.objc; path = AppDelegate.m; sourceTree = "<group>"; };
		78EAABE81F29BE5900182F57 /* ViewController.h */ = {isa = PBXFileReference; lastKnownFileType = sourcecode.c.h; path = ViewController.h; sourceTree = "<group>"; };
		78EAABE91F29BE5900182F57 /* ViewController.m */ = {isa = PBXFileReference; lastKnownFileType = sourcecode.c.objc; path = ViewController.m; sourceTree = "<group>"; };
		78EAABEC1F29BE5900182F57 /* Base */ = {isa = PBXFileReference; lastKnownFileType = file.storyboard; name = Base; path = Base.lproj/Main.storyboard; sourceTree = "<group>"; };
		78EAABEE1F29BE5900182F57 /* Assets.xcassets */ = {isa = PBXFileReference; lastKnownFileType = folder.assetcatalog; path = Assets.xcassets; sourceTree = "<group>"; };
		78EAABF11F29BE5900182F57 /* Base */ = {isa = PBXFileReference; lastKnownFileType = file.storyboard; name = Base; path = Base.lproj/LaunchScreen.storyboard; sourceTree = "<group>"; };
		78EAABF31F29BE5900182F57 /* Info.plist */ = {isa = PBXFileReference; lastKnownFileType = text.plist.xml; path = Info.plist; sourceTree = "<group>"; };
		78EAABF81F29BE5900182F57 /* UIControl交互Tests.xctest */ = {isa = PBXFileReference; explicitFileType = wrapper.cfbundle; includeInIndex = 0; path = "UIControl交互Tests.xctest"; sourceTree = BUILT_PRODUCTS_DIR; };
		78EAABFC1F29BE5900182F57 /* UIControl__Tests.m */ = {isa = PBXFileReference; lastKnownFileType = sourcecode.c.objc; path = UIControl__Tests.m; sourceTree = "<group>"; };
		78EAABFE1F29BE5900182F57 /* Info.plist */ = {isa = PBXFileReference; lastKnownFileType = text.plist.xml; path = Info.plist; sourceTree = "<group>"; };
		78EAAC031F29BE5900182F57 /* UIControl交互UITests.xctest */ = {isa = PBXFileReference; explicitFileType = wrapper.cfbundle; includeInIndex = 0; path = "UIControl交互UITests.xctest"; sourceTree = BUILT_PRODUCTS_DIR; };
		78EAAC071F29BE5900182F57 /* UIControl__UITests.m */ = {isa = PBXFileReference; lastKnownFileType = sourcecode.c.objc; path = UIControl__UITests.m; sourceTree = "<group>"; };
		78EAAC091F29BE5900182F57 /* Info.plist */ = {isa = PBXFileReference; lastKnownFileType = text.plist.xml; path = Info.plist; sourceTree = "<group>"; };
/* End PBXFileReference section */

/* Begin PBXFrameworksBuildPhase section */
		78EAABDC1F29BE5900182F57 /* Frameworks */ = {
			isa = PBXFrameworksBuildPhase;
			buildActionMask = 2147483647;
			files = (
			);
			runOnlyForDeploymentPostprocessing = 0;
		};
		78EAABF51F29BE5900182F57 /* Frameworks */ = {
			isa = PBXFrameworksBuildPhase;
			buildActionMask = 2147483647;
			files = (
			);
			runOnlyForDeploymentPostprocessing = 0;
		};
		78EAAC001F29BE5900182F57 /* Frameworks */ = {
			isa = PBXFrameworksBuildPhase;
			buildActionMask = 2147483647;
			files = (
			);
			runOnlyForDeploymentPostprocessing = 0;
		};
/* End PBXFrameworksBuildPhase section */

/* Begin PBXGroup section */
		78EAABD61F29BE5900182F57 = {
			isa = PBXGroup;
			children = (
				78EAABE11F29BE5900182F57 /* UIControl交互 */,
				78EAABFB1F29BE5900182F57 /* UIControl交互Tests */,
				78EAAC061F29BE5900182F57 /* UIControl交互UITests */,
				78EAABE01F29BE5900182F57 /* Products */,
			);
			sourceTree = "<group>";
		};
		78EAABE01F29BE5900182F57 /* Products */ = {
			isa = PBXGroup;
			children = (
				78EAABDF1F29BE5900182F57 /* UIControl交互.app */,
				78EAABF81F29BE5900182F57 /* UIControl交互Tests.xctest */,
				78EAAC031F29BE5900182F57 /* UIControl交互UITests.xctest */,
			);
			name = Products;
			sourceTree = "<group>";
		};
		78EAABE11F29BE5900182F57 /* UIControl交互 */ = {
			isa = PBXGroup;
			children = (
				78EAABE51F29BE5900182F57 /* AppDelegate.h */,
				78EAABE61F29BE5900182F57 /* AppDelegate.m */,
				78EAABE81F29BE5900182F57 /* ViewController.h */,
				78EAABE91F29BE5900182F57 /* ViewController.m */,
				78EAABEB1F29BE5900182F57 /* Main.storyboard */,
				78EAABEE1F29BE5900182F57 /* Assets.xcassets */,
				78EAABF01F29BE5900182F57 /* LaunchScreen.storyboard */,
				78EAABF31F29BE5900182F57 /* Info.plist */,
				78EAABE21F29BE5900182F57 /* Supporting Files */,
			);
			path = "UIControl交互";
			sourceTree = "<group>";
		};
		78EAABE21F29BE5900182F57 /* Supporting Files */ = {
			isa = PBXGroup;
			children = (
				78EAABE31F29BE5900182F57 /* main.m */,
			);
			name = "Supporting Files";
			sourceTree = "<group>";
		};
		78EAABFB1F29BE5900182F57 /* UIControl交互Tests */ = {
			isa = PBXGroup;
			children = (
				78EAABFC1F29BE5900182F57 /* UIControl__Tests.m */,
				78EAABFE1F29BE5900182F57 /* Info.plist */,
			);
			path = "UIControl交互Tests";
			sourceTree = "<group>";
		};
		78EAAC061F29BE5900182F57 /* UIControl交互UITests */ = {
			isa = PBXGroup;
			children = (
				78EAAC071F29BE5900182F57 /* UIControl__UITests.m */,
				78EAAC091F29BE5900182F57 /* Info.plist */,
			);
			path = "UIControl交互UITests";
			sourceTree = "<group>";
		};
/* End PBXGroup section */

/* Begin PBXNativeTarget section */
		78EAABDE1F29BE5900182F57 /* UIControl交互 */ = {
			isa = PBXNativeTarget;
			buildConfigurationList = 78EAAC0C1F29BE5900182F57 /* Build configuration list for PBXNativeTarget "UIControl交互" */;
			buildPhases = (
				78EAABDB1F29BE5900182F57 /* Sources */,
				78EAABDC1F29BE5900182F57 /* Frameworks */,
				78EAABDD1F29BE5900182F57 /* Resources */,
			);
			buildRules = (
			);
			dependencies = (
			);
			name = "UIControl交互";
			productName = "UIControl交互";
			productReference = 78EAABDF1F29BE5900182F57 /* UIControl交互.app */;
			productType = "com.apple.product-type.application";
		};
		78EAABF71F29BE5900182F57 /* UIControl交互Tests */ = {
			isa = PBXNativeTarget;
			buildConfigurationList = 78EAAC0F1F29BE5900182F57 /* Build configuration list for PBXNativeTarget "UIControl交互Tests" */;
			buildPhases = (
				78EAABF41F29BE5900182F57 /* Sources */,
				78EAABF51F29BE5900182F57 /* Frameworks */,
				78EAABF61F29BE5900182F57 /* Resources */,
			);
			buildRules = (
			);
			dependencies = (
				78EAABFA1F29BE5900182F57 /* PBXTargetDependency */,
			);
			name = "UIControl交互Tests";
			productName = "UIControl交互Tests";
			productReference = 78EAABF81F29BE5900182F57 /* UIControl交互Tests.xctest */;
			productType = "com.apple.product-type.bundle.unit-test";
		};
		78EAAC021F29BE5900182F57 /* UIControl交互UITests */ = {
			isa = PBXNativeTarget;
			buildConfigurationList = 78EAAC121F29BE5900182F57 /* Build configuration list for PBXNativeTarget "UIControl交互UITests" */;
			buildPhases = (
				78EAABFF1F29BE5900182F57 /* Sources */,
				78EAAC001F29BE5900182F57 /* Frameworks */,
				78EAAC011F29BE5900182F57 /* Resources */,
			);
			buildRules = (
			);
			dependencies = (
				78EAAC051F29BE5900182F57 /* PBXTargetDependency */,
			);
			name = "UIControl交互UITests";
			productName = "UIControl交互UITests";
			productReference = 78EAAC031F29BE5900182F57 /* UIControl交互UITests.xctest */;
			productType = "com.apple.product-type.bundle.ui-testing";
		};
/* End PBXNativeTarget section */

/* Begin PBXProject section */
		78EAABD71F29BE5900182F57 /* Project object */ = {
			isa = PBXProject;
			attributes = {
				LastUpgradeCheck = 0830;
				ORGANIZATIONNAME = "郭丰锐";
				TargetAttributes = {
					78EAABDE1F29BE5900182F57 = {
						CreatedOnToolsVersion = 8.3.3;
						ProvisioningStyle = Automatic;
					};
					78EAABF71F29BE5900182F57 = {
						CreatedOnToolsVersion = 8.3.3;
						ProvisioningStyle = Automatic;
						TestTargetID = 78EAABDE1F29BE5900182F57;
					};
					78EAAC021F29BE5900182F57 = {
						CreatedOnToolsVersion = 8.3.3;
						ProvisioningStyle = Automatic;
						TestTargetID = 78EAABDE1F29BE5900182F57;
					};
				};
			};
			buildConfigurationList = 78EAABDA1F29BE5900182F57 /* Build configuration list for PBXProject "UIControl交互" */;
			compatibilityVersion = "Xcode 3.2";
			developmentRegion = English;
			hasScannedForEncodings = 0;
			knownRegions = (
				en,
				Base,
			);
			mainGroup = 78EAABD61F29BE5900182F57;
			productRefGroup = 78EAABE01F29BE5900182F57 /* Products */;
			projectDirPath = "";
			projectRoot = "";
			targets = (
				78EAABDE1F29BE5900182F57 /* UIControl交互 */,
				78EAABF71F29BE5900182F57 /* UIControl交互Tests */,
				78EAAC021F29BE5900182F57 /* UIControl交互UITests */,
			);
		};
/* End PBXProject section */

/* Begin PBXResourcesBuildPhase section */
		78EAABDD1F29BE5900182F57 /* Resources */ = {
			isa = PBXResourcesBuildPhase;
			buildActionMask = 2147483647;
			files = (
				78EAABF21F29BE5900182F57 /* LaunchScreen.storyboard in Resources */,
				78EAABEF1F29BE5900182F57 /* Assets.xcassets in Resources */,
				78EAABED1F29BE5900182F57 /* Main.storyboard in Resources */,
			);
			runOnlyForDeploymentPostprocessing = 0;
		};
		78EAABF61F29BE5900182F57 /* Resources */ = {
			isa = PBXResourcesBuildPhase;
			buildActionMask = 2147483647;
			files = (
			);
			runOnlyForDeploymentPostprocessing = 0;
		};
		78EAAC011F29BE5900182F57 /* Resources */ = {
			isa = PBXResourcesBuildPhase;
			buildActionMask = 2147483647;
			files = (
			);
			runOnlyForDeploymentPostprocessing = 0;
		};
/* End PBXResourcesBuildPhase section */

/* Begin PBXSourcesBuildPhase section */
		78EAABDB1F29BE5900182F57 /* Sources */ = {
			isa = PBXSourcesBuildPhase;
			buildActionMask = 2147483647;
			files = (
				78EAABEA1F29BE5900182F57 /* ViewController.m in Sources */,
				78EAABE71F29BE5900182F57 /* AppDelegate.m in Sources */,
				78EAABE41F29BE5900182F57 /* main.m in Sources */,
			);
			runOnlyForDeploymentPostprocessing = 0;
		};
		78EAABF41F29BE5900182F57 /* Sources */ = {
			isa = PBXSourcesBuildPhase;
			buildActionMask = 2147483647;
			files = (
				78EAABFD1F29BE5900182F57 /* UIControl__Tests.m in Sources */,
			);
			runOnlyForDeploymentPostprocessing = 0;
		};
		78EAABFF1F29BE5900182F57 /* Sources */ = {
			isa = PBXSourcesBuildPhase;
			buildActionMask = 2147483647;
			files = (
				78EAAC081F29BE5900182F57 /* UIControl__UITests.m in Sources */,
			);
			runOnlyForDeploymentPostprocessing = 0;
		};
/* End PBXSourcesBuildPhase section */

/* Begin PBXTargetDependency section */
		78EAABFA1F29BE5900182F57 /* PBXTargetDependency */ = {
			isa = PBXTargetDependency;
			target = 78EAABDE1F29BE5900182F57 /* UIControl交互 */;
			targetProxy = 78EAABF91F29BE5900182F57 /* PBXContainerItemProxy */;
		};
		78EAAC051F29BE5900182F57 /* PBXTargetDependency */ = {
			isa = PBXTargetDependency;
			target = 78EAABDE1F29BE5900182F57 /* UIControl交互 */;
			targetProxy = 78EAAC041F29BE5900182F57 /* PBXContainerItemProxy */;
		};
/* End PBXTargetDependency section */

/* Begin PBXVariantGroup section */
		78EAABEB1F29BE5900182F57 /* Main.storyboard */ = {
			isa = PBXVariantGroup;
			children = (
				78EAABEC1F29BE5900182F57 /* Base */,
			);
			name = Main.storyboard;
			sourceTree = "<group>";
		};
		78EAABF01F29BE5900182F57 /* LaunchScreen.storyboard */ = {
			isa = PBXVariantGroup;
			children = (
				78EAABF11F29BE5900182F57 /* Base */,
			);
			name = LaunchScreen.storyboard;
			sourceTree = "<group>";
		};
/* End PBXVariantGroup section */

/* Begin XCBuildConfiguration section */
		78EAAC0A1F29BE5900182F57 /* Debug */ = {
			isa = XCBuildConfiguration;
			buildSettings = {
				ALWAYS_SEARCH_USER_PATHS = NO;
				CLANG_ANALYZER_NONNULL = YES;
				CLANG_ANALYZER_NUMBER_OBJECT_CONVERSION = YES_AGGRESSIVE;
				CLANG_CXX_LANGUAGE_STANDARD = "gnu++0x";
				CLANG_CXX_LIBRARY = "libc++";
				CLANG_ENABLE_MODULES = YES;
				CLANG_ENABLE_OBJC_ARC = YES;
				CLANG_WARN_BOOL_CONVERSION = YES;
				CLANG_WARN_CONSTANT_CONVERSION = YES;
				CLANG_WARN_DIRECT_OBJC_ISA_USAGE = YES_ERROR;
				CLANG_WARN_DOCUMENTATION_COMMENTS = YES;
				CLANG_WARN_EMPTY_BODY = YES;
				CLANG_WARN_ENUM_CONVERSION = YES;
				CLANG_WARN_INFINITE_RECURSION = YES;
				CLANG_WARN_INT_CONVERSION = YES;
				CLANG_WARN_OBJC_ROOT_CLASS = YES_ERROR;
				CLANG_WARN_SUSPICIOUS_MOVE = YES;
				CLANG_WARN_UNREACHABLE_CODE = YES;
				CLANG_WARN__DUPLICATE_METHOD_MATCH = YES;
				"CODE_SIGN_IDENTITY[sdk=iphoneos*]" = "iPhone Developer";
				COPY_PHASE_STRIP = NO;
				DEBUG_INFORMATION_FORMAT = dwarf;
				ENABLE_STRICT_OBJC_MSGSEND = YES;
				ENABLE_TESTABILITY = YES;
				GCC_C_LANGUAGE_STANDARD = gnu99;
				GCC_DYNAMIC_NO_PIC = NO;
				GCC_NO_COMMON_BLOCKS = YES;
				GCC_OPTIMIZATION_LEVEL = 0;
				GCC_PREPROCESSOR_DEFINITIONS = (
					"DEBUG=1",
					"$(inherited)",
				);
				GCC_WARN_64_TO_32_BIT_CONVERSION = YES;
				GCC_WARN_ABOUT_RETURN_TYPE = YES_ERROR;
				GCC_WARN_UNDECLARED_SELECTOR = YES;
				GCC_WARN_UNINITIALIZED_AUTOS = YES_AGGRESSIVE;
				GCC_WARN_UNUSED_FUNCTION = YES;
				GCC_WARN_UNUSED_VARIABLE = YES;
				IPHONEOS_DEPLOYMENT_TARGET = 10.3;
				MTL_ENABLE_DEBUG_INFO = YES;
				ONLY_ACTIVE_ARCH = YES;
				SDKROOT = iphoneos;
				TARGETED_DEVICE_FAMILY = "1,2";
			};
			name = Debug;
		};
		78EAAC0B1F29BE5900182F57 /* Release */ = {
			isa = XCBuildConfiguration;
			buildSettings = {
				ALWAYS_SEARCH_USER_PATHS = NO;
				CLANG_ANALYZER_NONNULL = YES;
				CLANG_ANALYZER_NUMBER_OBJECT_CONVERSION = YES_AGGRESSIVE;
				CLANG_CXX_LANGUAGE_STANDARD = "gnu++0x";
				CLANG_CXX_LIBRARY = "libc++";
				CLANG_ENABLE_MODULES = YES;
				CLANG_ENABLE_OBJC_ARC = YES;
				CLANG_WARN_BOOL_CONVERSION = YES;
				CLANG_WARN_CONSTANT_CONVERSION = YES;
				CLANG_WARN_DIRECT_OBJC_ISA_USAGE = YES_ERROR;
				CLANG_WARN_DOCUMENTATION_COMMENTS = YES;
				CLANG_WARN_EMPTY_BODY = YES;
				CLANG_WARN_ENUM_CONVERSION = YES;
				CLANG_WARN_INFINITE_RECURSION = YES;
				CLANG_WARN_INT_CONVERSION = YES;
				CLANG_WARN_OBJC_ROOT_CLASS = YES_ERROR;
				CLANG_WARN_SUSPICIOUS_MOVE = YES;
				CLANG_WARN_UNREACHABLE_CODE = YES;
				CLANG_WARN__DUPLICATE_METHOD_MATCH = YES;
				"CODE_SIGN_IDENTITY[sdk=iphoneos*]" = "iPhone Developer";
				COPY_PHASE_STRIP = NO;
				DEBUG_INFORMATION_FORMAT = "dwarf-with-dsym";
				ENABLE_NS_ASSERTIONS = NO;
				ENABLE_STRICT_OBJC_MSGSEND = YES;
				GCC_C_LANGUAGE_STANDARD = gnu99;
				GCC_NO_COMMON_BLOCKS = YES;
				GCC_WARN_64_TO_32_BIT_CONVERSION = YES;
				GCC_WARN_ABOUT_RETURN_TYPE = YES_ERROR;
				GCC_WARN_UNDECLARED_SELECTOR = YES;
				GCC_WARN_UNINITIALIZED_AUTOS = YES_AGGRESSIVE;
				GCC_WARN_UNUSED_FUNCTION = YES;
				GCC_WARN_UNUSED_VARIABLE = YES;
				IPHONEOS_DEPLOYMENT_TARGET = 10.3;
				MTL_ENABLE_DEBUG_INFO = NO;
				SDKROOT = iphoneos;
				TARGETED_DEVICE_FAMILY = "1,2";
				VALIDATE_PRODUCT = YES;
			};
			name = Release;
		};
		78EAAC0D1F29BE5900182F57 /* Debug */ = {
			isa = XCBuildConfiguration;
			buildSettings = {
				ASSETCATALOG_COMPILER_APPICON_NAME = AppIcon;
				INFOPLIST_FILE = "UIControl交互/Info.plist";
				LD_RUNPATH_SEARCH_PATHS = "$(inherited) @executable_path/Frameworks";
				PRODUCT_BUNDLE_IDENTIFIER = "first.UIControl--";
				PRODUCT_NAME = "$(TARGET_NAME)";
			};
			name = Debug;
		};
		78EAAC0E1F29BE5900182F57 /* Release */ = {
			isa = XCBuildConfiguration;
			buildSettings = {
				ASSETCATALOG_COMPILER_APPICON_NAME = AppIcon;
				INFOPLIST_FILE = "UIControl交互/Info.plist";
				LD_RUNPATH_SEARCH_PATHS = "$(inherited) @executable_path/Frameworks";
				PRODUCT_BUNDLE_IDENTIFIER = "first.UIControl--";
				PRODUCT_NAME = "$(TARGET_NAME)";
			};
			name = Release;
		};
		78EAAC101F29BE5900182F57 /* Debug */ = {
			isa = XCBuildConfiguration;
			buildSettings = {
				BUNDLE_LOADER = "$(TEST_HOST)";
				INFOPLIST_FILE = "UIControl交互Tests/Info.plist";
				LD_RUNPATH_SEARCH_PATHS = "$(inherited) @executable_path/Frameworks @loader_path/Frameworks";
				PRODUCT_BUNDLE_IDENTIFIER = "first.UIControl--Tests";
				PRODUCT_NAME = "$(TARGET_NAME)";
				TEST_HOST = "$(BUILT_PRODUCTS_DIR)/UIControl交互.app/UIControl交互";
			};
			name = Debug;
		};
		78EAAC111F29BE5900182F57 /* Release */ = {
			isa = XCBuildConfiguration;
			buildSettings = {
				BUNDLE_LOADER = "$(TEST_HOST)";
				INFOPLIST_FILE = "UIControl交互Tests/Info.plist";
				LD_RUNPATH_SEARCH_PATHS = "$(inherited) @executable_path/Frameworks @loader_path/Frameworks";
				PRODUCT_BUNDLE_IDENTIFIER = "first.UIControl--Tests";
				PRODUCT_NAME = "$(TARGET_NAME)";
				TEST_HOST = "$(BUILT_PRODUCTS_DIR)/UIControl交互.app/UIControl交互";
			};
			name = Release;
		};
		78EAAC131F29BE5900182F57 /* Debug */ = {
			isa = XCBuildConfiguration;
			buildSettings = {
				INFOPLIST_FILE = "UIControl交互UITests/Info.plist";
				LD_RUNPATH_SEARCH_PATHS = "$(inherited) @executable_path/Frameworks @loader_path/Frameworks";
				PRODUCT_BUNDLE_IDENTIFIER = "first.UIControl--UITests";
				PRODUCT_NAME = "$(TARGET_NAME)";
				TEST_TARGET_NAME = "UIControl交互";
			};
			name = Debug;
		};
		78EAAC141F29BE5900182F57 /* Release */ = {
			isa = XCBuildConfiguration;
			buildSettings = {
				INFOPLIST_FILE = "UIControl交互UITests/Info.plist";
				LD_RUNPATH_SEARCH_PATHS = "$(inherited) @executable_path/Frameworks @loader_path/Frameworks";
				PRODUCT_BUNDLE_IDENTIFIER = "first.UIControl--UITests";
				PRODUCT_NAME = "$(TARGET_NAME)";
				TEST_TARGET_NAME = "UIControl交互";
			};
			name = Release;
		};
/* End XCBuildConfiguration section */

/* Begin XCConfigurationList section */
		78EAABDA1F29BE5900182F57 /* Build configuration list for PBXProject "UIControl交互" */ = {
			isa = XCConfigurationList;
			buildConfigurations = (
				78EAAC0A1F29BE5900182F57 /* Debug */,
				78EAAC0B1F29BE5900182F57 /* Release */,
			);
			defaultConfigurationIsVisible = 0;
			defaultConfigurationName = Release;
		};
		78EAAC0C1F29BE5900182F57 /* Build configuration list for PBXNativeTarget "UIControl交互" */ = {
			isa = XCConfigurationList;
			buildConfigurations = (
				78EAAC0D1F29BE5900182F57 /* Debug */,
				78EAAC0E1F29BE5900182F57 /* Release */,
			);
			defaultConfigurationIsVisible = 0;
		};
		78EAAC0F1F29BE5900182F57 /* Build configuration list for PBXNativeTarget "UIControl交互Tests" */ = {
			isa = XCConfigurationList;
			buildConfigurations = (
				78EAAC101F29BE5900182F57 /* Debug */,
				78EAAC111F29BE5900182F57 /* Release */,
			);
			defaultConfigurationIsVisible = 0;
		};
		78EAAC121F29BE5900182F57 /* Build configuration list for PBXNativeTarget "UIControl交互UITests" */ = {
			isa = XCConfigurationList;
			buildConfigurations = (
				78EAAC131F29BE5900182F57 /* Debug */,
				78EAAC141F29BE5900182F57 /* Release */,
			);
			defaultConfigurationIsVisible = 0;
		};
/* End XCConfigurationList section */
	};
	rootObject = 78EAABD71F29BE5900182F57 /* Project object */;
}
