// !$*UTF8*$!
{
	archiveVersion = 1;
	classes = {
	};
	objectVersion = 46;
	objects = {

/* Begin PBXBuildFile section */
		638B80F716FC009C009BCC71 /* UIKit.framework in Frameworks */ = {isa = PBXBuildFile; fileRef = 638B80F616FC009C009BCC71 /* UIKit.framework */; };
		638B80F916FC009C009BCC71 /* Foundation.framework in Frameworks */ = {isa = PBXBuildFile; fileRef = 638B80F816FC009C009BCC71 /* Foundation.framework */; };
		638B80FB16FC009C009BCC71 /* CoreGraphics.framework in Frameworks */ = {isa = PBXBuildFile; fileRef = 638B80FA16FC009C009BCC71 /* CoreGraphics.framework */; };
		638B810116FC009C009BCC71 /* InfoPlist.strings in Resources */ = {isa = PBXBuildFile; fileRef = 638B80FF16FC009C009BCC71 /* InfoPlist.strings */; };
		638B810316FC009C009BCC71 /* main.m in Sources */ = {isa = PBXBuildFile; fileRef = 638B810216FC009C009BCC71 /* main.m */; };
		638B810716FC009C009BCC71 /* ZAppDelegate.m in Sources */ = {isa = PBXBuildFile; fileRef = 638B810616FC009C009BCC71 /* ZAppDelegate.m */; };
		638B810916FC009C009BCC71 /* Default.png in Resources */ = {isa = PBXBuildFile; fileRef = 638B810816FC009C009BCC71 /* Default.png */; };
		638B810B16FC009C009BCC71 /* Default@2x.png in Resources */ = {isa = PBXBuildFile; fileRef = 638B810A16FC009C009BCC71 /* Default@2x.png */; };
		638B810D16FC009C009BCC71 /* Default-568h@2x.png in Resources */ = {isa = PBXBuildFile; fileRef = 638B810C16FC009C009BCC71 /* Default-568h@2x.png */; };
		638B811016FC009C009BCC71 /* ZViewController.m in Sources */ = {isa = PBXBuildFile; fileRef = 638B810F16FC009C009BCC71 /* ZViewController.m */; };
		638B811316FC009C009BCC71 /* ZViewController.xib in Resources */ = {isa = PBXBuildFile; fileRef = 638B811116FC009C009BCC71 /* ZViewController.xib */; };
/* End PBXBuildFile section */

/* Begin PBXFileReference section */
		638B80F316FC009C009BCC71 /* OC+JavaScript.app */ = {isa = PBXFileReference; explicitFileType = wrapper.application; includeInIndex = 0; path = "OC+JavaScript.app"; sourceTree = BUILT_PRODUCTS_DIR; };
		638B80F616FC009C009BCC71 /* UIKit.framework */ = {isa = PBXFileReference; lastKnownFileType = wrapper.framework; name = UIKit.framework; path = System/Library/Frameworks/UIKit.framework; sourceTree = SDKROOT; };
		638B80F816FC009C009BCC71 /* Foundation.framework */ = {isa = PBXFileReference; lastKnownFileType = wrapper.framework; name = Foundation.framework; path = System/Library/Frameworks/Foundation.framework; sourceTree = SDKROOT; };
		638B80FA16FC009C009BCC71 /* CoreGraphics.framework */ = {isa = PBXFileReference; lastKnownFileType = wrapper.framework; name = CoreGraphics.framework; path = System/Library/Frameworks/CoreGraphics.framework; sourceTree = SDKROOT; };
		638B80FE16FC009C009BCC71 /* OC+JavaScript-Info.plist */ = {isa = PBXFileReference; lastKnownFileType = text.plist.xml; path = "OC+JavaScript-Info.plist"; sourceTree = "<group>"; };
		638B810016FC009C009BCC71 /* en */ = {isa = PBXFileReference; lastKnownFileType = text.plist.strings; name = en; path = en.lproj/InfoPlist.strings; sourceTree = "<group>"; };
		638B810216FC009C009BCC71 /* main.m */ = {isa = PBXFileReference; lastKnownFileType = sourcecode.c.objc; path = main.m; sourceTree = "<group>"; };
		638B810416FC009C009BCC71 /* OC+JavaScript-Prefix.pch */ = {isa = PBXFileReference; lastKnownFileType = sourcecode.c.h; path = "OC+JavaScript-Prefix.pch"; sourceTree = "<group>"; };
		638B810516FC009C009BCC71 /* ZAppDelegate.h */ = {isa = PBXFileReference; lastKnownFileType = sourcecode.c.h; path = ZAppDelegate.h; sourceTree = "<group>"; };
		638B810616FC009C009BCC71 /* ZAppDelegate.m */ = {isa = PBXFileReference; lastKnownFileType = sourcecode.c.objc; path = ZAppDelegate.m; sourceTree = "<group>"; };
		638B810816FC009C009BCC71 /* Default.png */ = {isa = PBXFileReference; lastKnownFileType = image.png; path = Default.png; sourceTree = "<group>"; };
		638B810A16FC009C009BCC71 /* Default@2x.png */ = {isa = PBXFileReference; lastKnownFileType = image.png; path = "Default@2x.png"; sourceTree = "<group>"; };
		638B810C16FC009C009BCC71 /* Default-568h@2x.png */ = {isa = PBXFileReference; lastKnownFileType = image.png; path = "Default-568h@2x.png"; sourceTree = "<group>"; };
		638B810E16FC009C009BCC71 /* ZViewController.h */ = {isa = PBXFileReference; lastKnownFileType = sourcecode.c.h; path = ZViewController.h; sourceTree = "<group>"; };
		638B810F16FC009C009BCC71 /* ZViewController.m */ = {isa = PBXFileReference; lastKnownFileType = sourcecode.c.objc; path = ZViewController.m; sourceTree = "<group>"; };
		638B811216FC009C009BCC71 /* en */ = {isa = PBXFileReference; lastKnownFileType = file.xib; name = en; path = en.lproj/ZViewController.xib; sourceTree = "<group>"; };
/* End PBXFileReference section */

/* Begin PBXFrameworksBuildPhase section */
		638B80F016FC009C009BCC71 /* Frameworks */ = {
			isa = PBXFrameworksBuildPhase;
			buildActionMask = 2147483647;
			files = (
				638B80F716FC009C009BCC71 /* UIKit.framework in Frameworks */,
				638B80F916FC009C009BCC71 /* Foundation.framework in Frameworks */,
				638B80FB16FC009C009BCC71 /* CoreGraphics.framework in Frameworks */,
			);
			runOnlyForDeploymentPostprocessing = 0;
		};
/* End PBXFrameworksBuildPhase section */

/* Begin PBXGroup section */
		638B80EA16FC009C009BCC71 = {
			isa = PBXGroup;
			children = (
				638B80FC16FC009C009BCC71 /* OC+JavaScript */,
				638B80F516FC009C009BCC71 /* Frameworks */,
				638B80F416FC009C009BCC71 /* Products */,
			);
			sourceTree = "<group>";
		};
		638B80F416FC009C009BCC71 /* Products */ = {
			isa = PBXGroup;
			children = (
				638B80F316FC009C009BCC71 /* OC+JavaScript.app */,
			);
			name = Products;
			sourceTree = "<group>";
		};
		638B80F516FC009C009BCC71 /* Frameworks */ = {
			isa = PBXGroup;
			children = (
				638B80F616FC009C009BCC71 /* UIKit.framework */,
				638B80F816FC009C009BCC71 /* Foundation.framework */,
				638B80FA16FC009C009BCC71 /* CoreGraphics.framework */,
			);
			name = Frameworks;
			sourceTree = "<group>";
		};
		638B80FC16FC009C009BCC71 /* OC+JavaScript */ = {
			isa = PBXGroup;
			children = (
				638B810516FC009C009BCC71 /* ZAppDelegate.h */,
				638B810616FC009C009BCC71 /* ZAppDelegate.m */,
				638B810E16FC009C009BCC71 /* ZViewController.h */,
				638B810F16FC009C009BCC71 /* ZViewController.m */,
				638B811116FC009C009BCC71 /* ZViewController.xib */,
				638B80FD16FC009C009BCC71 /* Supporting Files */,
			);
			path = "OC+JavaScript";
			sourceTree = "<group>";
		};
		638B80FD16FC009C009BCC71 /* Supporting Files */ = {
			isa = PBXGroup;
			children = (
				638B80FE16FC009C009BCC71 /* OC+JavaScript-Info.plist */,
				638B80FF16FC009C009BCC71 /* InfoPlist.strings */,
				638B810216FC009C009BCC71 /* main.m */,
				638B810416FC009C009BCC71 /* OC+JavaScript-Prefix.pch */,
				638B810816FC009C009BCC71 /* Default.png */,
				638B810A16FC009C009BCC71 /* Default@2x.png */,
				638B810C16FC009C009BCC71 /* Default-568h@2x.png */,
			);
			name = "Supporting Files";
			sourceTree = "<group>";
		};
/* End PBXGroup section */

/* Begin PBXNativeTarget section */
		638B80F216FC009C009BCC71 /* OC+JavaScript */ = {
			isa = PBXNativeTarget;
			buildConfigurationList = 638B811616FC009C009BCC71 /* Build configuration list for PBXNativeTarget "OC+JavaScript" */;
			buildPhases = (
				638B80EF16FC009C009BCC71 /* Sources */,
				638B80F016FC009C009BCC71 /* Frameworks */,
				638B80F116FC009C009BCC71 /* Resources */,
			);
			buildRules = (
			);
			dependencies = (
			);
			name = "OC+JavaScript";
			productName = "OC+JavaScript";
			productReference = 638B80F316FC009C009BCC71 /* OC+JavaScript.app */;
			productType = "com.apple.product-type.application";
		};
/* End PBXNativeTarget section */

/* Begin PBXProject section */
		638B80EB16FC009C009BCC71 /* Project object */ = {
			isa = PBXProject;
			attributes = {
				CLASSPREFIX = Z;
				LastUpgradeCheck = 0800;
				ORGANIZATIONNAME = 35.com;
			};
			buildConfigurationList = 638B80EE16FC009C009BCC71 /* Build configuration list for PBXProject "OC+JavaScript" */;
			compatibilityVersion = "Xcode 3.2";
			developmentRegion = English;
			hasScannedForEncodings = 0;
			knownRegions = (
				en,
			);
			mainGroup = 638B80EA16FC009C009BCC71;
			productRefGroup = 638B80F416FC009C009BCC71 /* Products */;
			projectDirPath = "";
			projectRoot = "";
			targets = (
				638B80F216FC009C009BCC71 /* OC+JavaScript */,
			);
		};
/* End PBXProject section */

/* Begin PBXResourcesBuildPhase section */
		638B80F116FC009C009BCC71 /* Resources */ = {
			isa = PBXResourcesBuildPhase;
			buildActionMask = 2147483647;
			files = (
				638B810116FC009C009BCC71 /* InfoPlist.strings in Resources */,
				638B810916FC009C009BCC71 /* Default.png in Resources */,
				638B810B16FC009C009BCC71 /* Default@2x.png in Resources */,
				638B810D16FC009C009BCC71 /* Default-568h@2x.png in Resources */,
				638B811316FC009C009BCC71 /* ZViewController.xib in Resources */,
			);
			runOnlyForDeploymentPostprocessing = 0;
		};
/* End PBXResourcesBuildPhase section */

/* Begin PBXSourcesBuildPhase section */
		638B80EF16FC009C009BCC71 /* Sources */ = {
			isa = PBXSourcesBuildPhase;
			buildActionMask = 2147483647;
			files = (
				638B810316FC009C009BCC71 /* main.m in Sources */,
				638B810716FC009C009BCC71 /* ZAppDelegate.m in Sources */,
				638B811016FC009C009BCC71 /* ZViewController.m in Sources */,
			);
			runOnlyForDeploymentPostprocessing = 0;
		};
/* End PBXSourcesBuildPhase section */

/* Begin PBXVariantGroup section */
		638B80FF16FC009C009BCC71 /* InfoPlist.strings */ = {
			isa = PBXVariantGroup;
			children = (
				638B810016FC009C009BCC71 /* en */,
			);
			name = InfoPlist.strings;
			sourceTree = "<group>";
		};
		638B811116FC009C009BCC71 /* ZViewController.xib */ = {
			isa = PBXVariantGroup;
			children = (
				638B811216FC009C009BCC71 /* en */,
			);
			name = ZViewController.xib;
			sourceTree = "<group>";
		};
/* End PBXVariantGroup section */

/* Begin XCBuildConfiguration section */
		638B811416FC009C009BCC71 /* Debug */ = {
			isa = XCBuildConfiguration;
			buildSettings = {
				ALWAYS_SEARCH_USER_PATHS = NO;
				CLANG_CXX_LANGUAGE_STANDARD = "gnu++0x";
				CLANG_CXX_LIBRARY = "libc++";
				CLANG_WARN_BOOL_CONVERSION = YES;
				CLANG_WARN_CONSTANT_CONVERSION = YES;
				CLANG_WARN_EMPTY_BODY = YES;
				CLANG_WARN_ENUM_CONVERSION = YES;
				CLANG_WARN_INT_CONVERSION = YES;
				CLANG_WARN_UNREACHABLE_CODE = YES;
				CLANG_WARN__DUPLICATE_METHOD_MATCH = YES;
				"CODE_SIGN_IDENTITY[sdk=iphoneos*]" = "iPhone Developer";
				COPY_PHASE_STRIP = NO;
				ENABLE_STRICT_OBJC_MSGSEND = YES;
				ENABLE_TESTABILITY = YES;
				GCC_C_LANGUAGE_STANDARD = gnu99;
				GCC_DYNAMIC_NO_PIC = NO;
				GCC_NO_COMMON_BLOCKS = YES;
				GCC_OPTIMIZATION_LEVEL = 0;
				GCC_PREPROCESSOR_DEFINITIONS = (
					"DEBUG=1",
					"$(inherited)",
				);
				GCC_SYMBOLS_PRIVATE_EXTERN = NO;
				GCC_WARN_64_TO_32_BIT_CONVERSION = YES;
				GCC_WARN_ABOUT_RETURN_TYPE = YES;
				GCC_WARN_UNDECLARED_SELECTOR = YES;
				GCC_WARN_UNINITIALIZED_AUTOS = YES;
				GCC_WARN_UNUSED_FUNCTION = YES;
				GCC_WARN_UNUSED_VARIABLE = YES;
				IPHONEOS_DEPLOYMENT_TARGET = 10.0;
				ONLY_ACTIVE_ARCH = YES;
				SDKROOT = iphoneos;
			};
			name = Debug;
		};
		638B811516FC009C009BCC71 /* Release */ = {
			isa = XCBuildConfiguration;
			buildSettings = {
				ALWAYS_SEARCH_USER_PATHS = NO;
				CLANG_CXX_LANGUAGE_STANDARD = "gnu++0x";
				CLANG_CXX_LIBRARY = "libc++";
				CLANG_WARN_BOOL_CONVERSION = YES;
				CLANG_WARN_CONSTANT_CONVERSION = YES;
				CLANG_WARN_EMPTY_BODY = YES;
				CLANG_WARN_ENUM_CONVERSION = YES;
				CLANG_WARN_INT_CONVERSION = YES;
				CLANG_WARN_UNREACHABLE_CODE = YES;
				CLANG_WARN__DUPLICATE_METHOD_MATCH = YES;
				"CODE_SIGN_IDENTITY[sdk=iphoneos*]" = "iPhone Developer";
				COPY_PHASE_STRIP = YES;
				ENABLE_STRICT_OBJC_MSGSEND = YES;
				GCC_C_LANGUAGE_STANDARD = gnu99;
				GCC_NO_COMMON_BLOCKS = YES;
				GCC_WARN_64_TO_32_BIT_CONVERSION = YES;
				GCC_WARN_ABOUT_RETURN_TYPE = YES;
				GCC_WARN_UNDECLARED_SELECTOR = YES;
				GCC_WARN_UNINITIALIZED_AUTOS = YES;
				GCC_WARN_UNUSED_FUNCTION = YES;
				GCC_WARN_UNUSED_VARIABLE = YES;
				IPHONEOS_DEPLOYMENT_TARGET = 10.0;
				OTHER_CFLAGS = "-DNS_BLOCK_ASSERTIONS=1";
				SDKROOT = iphoneos;
				VALIDATE_PRODUCT = YES;
			};
			name = Release;
		};
		638B811716FC009C009BCC71 /* Debug */ = {
			isa = XCBuildConfiguration;
			buildSettings = {
				GCC_PRECOMPILE_PREFIX_HEADER = YES;
				GCC_PREFIX_HEADER = "OC+JavaScript/OC+JavaScript-Prefix.pch";
				INFOPLIST_FILE = "OC+JavaScript/OC+JavaScript-Info.plist";
				IPHONEOS_DEPLOYMENT_TARGET = 10.0;
				PRODUCT_BUNDLE_IDENTIFIER = "com.${PRODUCT_NAME:rfc1034identifier}";
				PRODUCT_NAME = "$(TARGET_NAME)";
				WRAPPER_EXTENSION = app;
			};
			name = Debug;
		};
		638B811816FC009C009BCC71 /* Release */ = {
			isa = XCBuildConfiguration;
			buildSettings = {
				GCC_PRECOMPILE_PREFIX_HEADER = YES;
				GCC_PREFIX_HEADER = "OC+JavaScript/OC+JavaScript-Prefix.pch";
				INFOPLIST_FILE = "OC+JavaScript/OC+JavaScript-Info.plist";
				IPHONEOS_DEPLOYMENT_TARGET = 10.0;
				PRODUCT_BUNDLE_IDENTIFIER = "com.${PRODUCT_NAME:rfc1034identifier}";
				PRODUCT_NAME = "$(TARGET_NAME)";
				WRAPPER_EXTENSION = app;
			};
			name = Release;
		};
/* End XCBuildConfiguration section */

/* Begin XCConfigurationList section */
		638B80EE16FC009C009BCC71 /* Build configuration list for PBXProject "OC+JavaScript" */ = {
			isa = XCConfigurationList;
			buildConfigurations = (
				638B811416FC009C009BCC71 /* Debug */,
				638B811516FC009C009BCC71 /* Release */,
			);
			defaultConfigurationIsVisible = 0;
			defaultConfigurationName = Release;
		};
		638B811616FC009C009BCC71 /* Build configuration list for PBXNativeTarget "OC+JavaScript" */ = {
			isa = XCConfigurationList;
			buildConfigurations = (
				638B811716FC009C009BCC71 /* Debug */,
				638B811816FC009C009BCC71 /* Release */,
			);
			defaultConfigurationIsVisible = 0;
			defaultConfigurationName = Release;
		};
/* End XCConfigurationList section */
	};
	rootObject = 638B80EB16FC009C009BCC71 /* Project object */;
}
