// !$*UTF8*$!
{
	archiveVersion = 1;
	classes = {
	};
	objectVersion = 46;
	objects = {

/* Begin PBXBuildFile section */
		273D44761BD489A500411259 /* AppDelegate.swift in Sources */ = {isa = PBXBuildFile; fileRef = 273D44751BD489A500411259 /* AppDelegate.swift */; };
		273D44781BD489A500411259 /* ViewController.swift in Sources */ = {isa = PBXBuildFile; fileRef = 273D44771BD489A500411259 /* ViewController.swift */; };
		273D447B1BD489A500411259 /* Main.storyboard in Resources */ = {isa = PBXBuildFile; fileRef = 273D44791BD489A500411259 /* Main.storyboard */; };
		273D447D1BD489A500411259 /* Assets.xcassets in Resources */ = {isa = PBXBuildFile; fileRef = 273D447C1BD489A500411259 /* Assets.xcassets */; };
		273D44801BD489A500411259 /* LaunchScreen.storyboard in Resources */ = {isa = PBXBuildFile; fileRef = 273D447E1BD489A500411259 /* LaunchScreen.storyboard */; };
/* End PBXBuildFile section */

/* Begin PBXFileReference section */
		273D44721BD489A500411259 /* BackgroundColor.app */ = {isa = PBXFileReference; explicitFileType = wrapper.application; includeInIndex = 0; path = BackgroundColor.app; sourceTree = BUILT_PRODUCTS_DIR; };
		273D44751BD489A500411259 /* AppDelegate.swift */ = {isa = PBXFileReference; lastKnownFileType = sourcecode.swift; path = AppDelegate.swift; sourceTree = "<group>"; };
		273D44771BD489A500411259 /* ViewController.swift */ = {isa = PBXFileReference; lastKnownFileType = sourcecode.swift; path = ViewController.swift; sourceTree = "<group>"; };
		273D447A1BD489A500411259 /* Base */ = {isa = PBXFileReference; lastKnownFileType = file.storyboard; name = Base; path = Base.lproj/Main.storyboard; sourceTree = "<group>"; };
		273D447C1BD489A500411259 /* Assets.xcassets */ = {isa = PBXFileReference; lastKnownFileType = folder.assetcatalog; path = Assets.xcassets; sourceTree = "<group>"; };
		273D447F1BD489A500411259 /* Base */ = {isa = PBXFileReference; lastKnownFileType = file.storyboard; name = Base; path = Base.lproj/LaunchScreen.storyboard; sourceTree = "<group>"; };
		273D44811BD489A500411259 /* Info.plist */ = {isa = PBXFileReference; lastKnownFileType = text.plist.xml; path = Info.plist; sourceTree = "<group>"; };
/* End PBXFileReference section */

/* Begin PBXFrameworksBuildPhase section */
		273D446F1BD489A500411259 /* Frameworks */ = {
			isa = PBXFrameworksBuildPhase;
			buildActionMask = 2147483647;
			files = (
			);
			runOnlyForDeploymentPostprocessing = 0;
		};
/* End PBXFrameworksBuildPhase section */

/* Begin PBXGroup section */
		273D44691BD489A500411259 = {
			isa = PBXGroup;
			children = (
				273D44741BD489A500411259 /* BackgroundColor */,
				273D44731BD489A500411259 /* Products */,
			);
			sourceTree = "<group>";
		};
		273D44731BD489A500411259 /* Products */ = {
			isa = PBXGroup;
			children = (
				273D44721BD489A500411259 /* BackgroundColor.app */,
			);
			name = Products;
			sourceTree = "<group>";
		};
		273D44741BD489A500411259 /* BackgroundColor */ = {
			isa = PBXGroup;
			children = (
				273D44751BD489A500411259 /* AppDelegate.swift */,
				273D44771BD489A500411259 /* ViewController.swift */,
				273D44791BD489A500411259 /* Main.storyboard */,
				273D447C1BD489A500411259 /* Assets.xcassets */,
				273D447E1BD489A500411259 /* LaunchScreen.storyboard */,
				273D44811BD489A500411259 /* Info.plist */,
			);
			path = BackgroundColor;
			sourceTree = "<group>";
		};
/* End PBXGroup section */

/* Begin PBXNativeTarget section */
		273D44711BD489A500411259 /* BackgroundColor */ = {
			isa = PBXNativeTarget;
			buildConfigurationList = 273D44841BD489A500411259 /* Build configuration list for PBXNativeTarget "BackgroundColor" */;
			buildPhases = (
				273D446E1BD489A500411259 /* Sources */,
				273D446F1BD489A500411259 /* Frameworks */,
				273D44701BD489A500411259 /* Resources */,
			);
			buildRules = (
			);
			dependencies = (
			);
			name = BackgroundColor;
			productName = BackgroundColor;
			productReference = 273D44721BD489A500411259 /* BackgroundColor.app */;
			productType = "com.apple.product-type.application";
		};
/* End PBXNativeTarget section */

/* Begin PBXProject section */
		273D446A1BD489A500411259 /* Project object */ = {
			isa = PBXProject;
			attributes = {
				LastSwiftUpdateCheck = 0710;
				LastUpgradeCheck = 0800;
				ORGANIZATIONNAME = "John E. Ray";
				TargetAttributes = {
					273D44711BD489A500411259 = {
						CreatedOnToolsVersion = 7.1;
						LastSwiftMigration = 0800;
					};
				};
			};
			buildConfigurationList = 273D446D1BD489A500411259 /* Build configuration list for PBXProject "BackgroundColor" */;
			compatibilityVersion = "Xcode 3.2";
			developmentRegion = English;
			hasScannedForEncodings = 0;
			knownRegions = (
				en,
				Base,
			);
			mainGroup = 273D44691BD489A500411259;
			productRefGroup = 273D44731BD489A500411259 /* Products */;
			projectDirPath = "";
			projectRoot = "";
			targets = (
				273D44711BD489A500411259 /* BackgroundColor */,
			);
		};
/* End PBXProject section */

/* Begin PBXResourcesBuildPhase section */
		273D44701BD489A500411259 /* Resources */ = {
			isa = PBXResourcesBuildPhase;
			buildActionMask = 2147483647;
			files = (
				273D44801BD489A500411259 /* LaunchScreen.storyboard in Resources */,
				273D447D1BD489A500411259 /* Assets.xcassets in Resources */,
				273D447B1BD489A500411259 /* Main.storyboard in Resources */,
			);
			runOnlyForDeploymentPostprocessing = 0;
		};
/* End PBXResourcesBuildPhase section */

/* Begin PBXSourcesBuildPhase section */
		273D446E1BD489A500411259 /* Sources */ = {
			isa = PBXSourcesBuildPhase;
			buildActionMask = 2147483647;
			files = (
				273D44781BD489A500411259 /* ViewController.swift in Sources */,
				273D44761BD489A500411259 /* AppDelegate.swift in Sources */,
			);
			runOnlyForDeploymentPostprocessing = 0;
		};
/* End PBXSourcesBuildPhase section */

/* Begin PBXVariantGroup section */
		273D44791BD489A500411259 /* Main.storyboard */ = {
			isa = PBXVariantGroup;
			children = (
				273D447A1BD489A500411259 /* Base */,
			);
			name = Main.storyboard;
			sourceTree = "<group>";
		};
		273D447E1BD489A500411259 /* LaunchScreen.storyboard */ = {
			isa = PBXVariantGroup;
			children = (
				273D447F1BD489A500411259 /* Base */,
			);
			name = LaunchScreen.storyboard;
			sourceTree = "<group>";
		};
/* End PBXVariantGroup section */

/* Begin XCBuildConfiguration section */
		273D44821BD489A500411259 /* Debug */ = {
			isa = XCBuildConfiguration;
			buildSettings = {
				ALWAYS_SEARCH_USER_PATHS = NO;
				CLANG_CXX_LANGUAGE_STANDARD = "gnu++0x";
				CLANG_CXX_LIBRARY = "libc++";
				CLANG_ENABLE_MODULES = YES;
				CLANG_ENABLE_OBJC_ARC = YES;
				CLANG_WARN_BOOL_CONVERSION = YES;
				CLANG_WARN_CONSTANT_CONVERSION = YES;
				CLANG_WARN_DIRECT_OBJC_ISA_USAGE = YES_ERROR;
				CLANG_WARN_EMPTY_BODY = YES;
				CLANG_WARN_ENUM_CONVERSION = YES;
				CLANG_WARN_INT_CONVERSION = YES;
				CLANG_WARN_OBJC_ROOT_CLASS = YES_ERROR;
				CLANG_WARN_UNREACHABLE_CODE = YES;
				CLANG_WARN__DUPLICATE_METHOD_MATCH = YES;
				"CODE_SIGN_IDENTITY[sdk=iphoneos*]" = "iPhone Developer";
				COPY_PHASE_STRIP = NO;
				DEBUG_INFORMATION_FORMAT = dwarf;
				ENABLE_STRICT_OBJC_MSGSEND = YES;
				ENABLE_TESTABILITY = YES;
				GCC_C_LANGUAGE_STANDARD = gnu99;
				GCC_DYNAMIC_NO_PIC = NO;
				GCC_NO_COMMON_BLOCKS = YES;
				GCC_OPTIMIZATION_LEVEL = 0;
				GCC_PREPROCESSOR_DEFINITIONS = (
					"DEBUG=1",
					"$(inherited)",
				);
				GCC_WARN_64_TO_32_BIT_CONVERSION = YES;
				GCC_WARN_ABOUT_RETURN_TYPE = YES_ERROR;
				GCC_WARN_UNDECLARED_SELECTOR = YES;
				GCC_WARN_UNINITIALIZED_AUTOS = YES_AGGRESSIVE;
				GCC_WARN_UNUSED_FUNCTION = YES;
				GCC_WARN_UNUSED_VARIABLE = YES;
				IPHONEOS_DEPLOYMENT_TARGET = 10.0;
				MTL_ENABLE_DEBUG_INFO = YES;
				ONLY_ACTIVE_ARCH = YES;
				SDKROOT = iphoneos;
				SWIFT_OPTIMIZATION_LEVEL = "-Onone";
			};
			name = Debug;
		};
		273D44831BD489A500411259 /* Release */ = {
			isa = XCBuildConfiguration;
			buildSettings = {
				ALWAYS_SEARCH_USER_PATHS = NO;
				CLANG_CXX_LANGUAGE_STANDARD = "gnu++0x";
				CLANG_CXX_LIBRARY = "libc++";
				CLANG_ENABLE_MODULES = YES;
				CLANG_ENABLE_OBJC_ARC = YES;
				CLANG_WARN_BOOL_CONVERSION = YES;
				CLANG_WARN_CONSTANT_CONVERSION = YES;
				CLANG_WARN_DIRECT_OBJC_ISA_USAGE = YES_ERROR;
				CLANG_WARN_EMPTY_BODY = YES;
				CLANG_WARN_ENUM_CONVERSION = YES;
				CLANG_WARN_INT_CONVERSION = YES;
				CLANG_WARN_OBJC_ROOT_CLASS = YES_ERROR;
				CLANG_WARN_UNREACHABLE_CODE = YES;
				CLANG_WARN__DUPLICATE_METHOD_MATCH = YES;
				"CODE_SIGN_IDENTITY[sdk=iphoneos*]" = "iPhone Developer";
				COPY_PHASE_STRIP = NO;
				DEBUG_INFORMATION_FORMAT = "dwarf-with-dsym";
				ENABLE_NS_ASSERTIONS = NO;
				ENABLE_STRICT_OBJC_MSGSEND = YES;
				GCC_C_LANGUAGE_STANDARD = gnu99;
				GCC_NO_COMMON_BLOCKS = YES;
				GCC_WARN_64_TO_32_BIT_CONVERSION = YES;
				GCC_WARN_ABOUT_RETURN_TYPE = YES_ERROR;
				GCC_WARN_UNDECLARED_SELECTOR = YES;
				GCC_WARN_UNINITIALIZED_AUTOS = YES_AGGRESSIVE;
				GCC_WARN_UNUSED_FUNCTION = YES;
				GCC_WARN_UNUSED_VARIABLE = YES;
				IPHONEOS_DEPLOYMENT_TARGET = 10.0;
				MTL_ENABLE_DEBUG_INFO = NO;
				SDKROOT = iphoneos;
				VALIDATE_PRODUCT = YES;
			};
			name = Release;
		};
		273D44851BD489A500411259 /* Debug */ = {
			isa = XCBuildConfiguration;
			buildSettings = {
				ASSETCATALOG_COMPILER_APPICON_NAME = AppIcon;
				INFOPLIST_FILE = BackgroundColor/Info.plist;
				LD_RUNPATH_SEARCH_PATHS = "$(inherited) @executable_path/Frameworks";
				PRODUCT_BUNDLE_IDENTIFIER = com.gxj.BackgroundColor;
				PRODUCT_NAME = "$(TARGET_NAME)";
				SWIFT_VERSION = 3.0;
			};
			name = Debug;
		};
		273D44861BD489A500411259 /* Release */ = {
			isa = XCBuildConfiguration;
			buildSettings = {
				ASSETCATALOG_COMPILER_APPICON_NAME = AppIcon;
				INFOPLIST_FILE = BackgroundColor/Info.plist;
				LD_RUNPATH_SEARCH_PATHS = "$(inherited) @executable_path/Frameworks";
				PRODUCT_BUNDLE_IDENTIFIER = com.gxj.BackgroundColor;
				PRODUCT_NAME = "$(TARGET_NAME)";
				SWIFT_OPTIMIZATION_LEVEL = "-Owholemodule";
				SWIFT_VERSION = 3.0;
			};
			name = Release;
		};
/* End XCBuildConfiguration section */

/* Begin XCConfigurationList section */
		273D446D1BD489A500411259 /* Build configuration list for PBXProject "BackgroundColor" */ = {
			isa = XCConfigurationList;
			buildConfigurations = (
				273D44821BD489A500411259 /* Debug */,
				273D44831BD489A500411259 /* Release */,
			);
			defaultConfigurationIsVisible = 0;
			defaultConfigurationName = Release;
		};
		273D44841BD489A500411259 /* Build configuration list for PBXNativeTarget "BackgroundColor" */ = {
			isa = XCConfigurationList;
			buildConfigurations = (
				273D44851BD489A500411259 /* Debug */,
				273D44861BD489A500411259 /* Release */,
			);
			defaultConfigurationIsVisible = 0;
			defaultConfigurationName = Release;
		};
/* End XCConfigurationList section */
	};
	rootObject = 273D446A1BD489A500411259 /* Project object */;
}
