// !$*UTF8*$!
{
	archiveVersion = 1;
	classes = {
	};
	objectVersion = 46;
	objects = {

/* Begin PBXBuildFile section */
		840B609E19596EBA00FB1F2E /* main.m in Sources */ = {isa = PBXBuildFile; fileRef = 840B608419596EBA00FB1F2E /* main.m */; };
		840B609F19596EBA00FB1F2E /* MainAppDelegate.m in Sources */ = {isa = PBXBuildFile; fileRef = 840B608619596EBA00FB1F2E /* MainAppDelegate.m */; };
		840B60A019596EBA00FB1F2E /* MainViewController.m in Sources */ = {isa = PBXBuildFile; fileRef = 840B608819596EBA00FB1F2E /* MainViewController.m */; };
		841AD7A819348EE100490633 /* Foundation.framework in Frameworks */ = {isa = PBXBuildFile; fileRef = 841AD7A719348EE100490633 /* Foundation.framework */; };
		841AD7AC19348EE100490633 /* UIKit.framework in Frameworks */ = {isa = PBXBuildFile; fileRef = 841AD7AB19348EE100490633 /* UIKit.framework */; };
		8483EFFD195ADF6400D5AE58 /* HNButton.m in Sources */ = {isa = PBXBuildFile; fileRef = 8483EFFC195ADF6400D5AE58 /* HNButton.m */; };
		84E68B93195D648000FC2819 /* Main.storyboard in Resources */ = {isa = PBXBuildFile; fileRef = 840B607819596EBA00FB1F2E /* Main.storyboard */; };
		84E68B94195D64A100FC2819 /* InfoPlist.strings in Resources */ = {isa = PBXBuildFile; fileRef = 840B607A19596EBA00FB1F2E /* InfoPlist.strings */; };
		84E68B95195D64A800FC2819 /* Images.xcassets in Resources */ = {isa = PBXBuildFile; fileRef = 840B608319596EBA00FB1F2E /* Images.xcassets */; };
/* End PBXBuildFile section */

/* Begin PBXFileReference section */
		840B607919596EBA00FB1F2E /* Base */ = {isa = PBXFileReference; lastKnownFileType = file.storyboard; name = Base; path = Base.lproj/Main.storyboard; sourceTree = "<group>"; };
		840B607B19596EBA00FB1F2E /* en */ = {isa = PBXFileReference; lastKnownFileType = text.plist.strings; name = en; path = en.lproj/InfoPlist.strings; sourceTree = "<group>"; };
		840B608319596EBA00FB1F2E /* Images.xcassets */ = {isa = PBXFileReference; lastKnownFileType = folder.assetcatalog; path = Images.xcassets; sourceTree = "<group>"; };
		840B608419596EBA00FB1F2E /* main.m */ = {isa = PBXFileReference; fileEncoding = 4; lastKnownFileType = sourcecode.c.objc; path = main.m; sourceTree = "<group>"; };
		840B608519596EBA00FB1F2E /* MainAppDelegate.h */ = {isa = PBXFileReference; fileEncoding = 4; lastKnownFileType = sourcecode.c.h; path = MainAppDelegate.h; sourceTree = "<group>"; };
		840B608619596EBA00FB1F2E /* MainAppDelegate.m */ = {isa = PBXFileReference; fileEncoding = 4; lastKnownFileType = sourcecode.c.objc; path = MainAppDelegate.m; sourceTree = "<group>"; };
		840B608719596EBA00FB1F2E /* MainViewController.h */ = {isa = PBXFileReference; fileEncoding = 4; lastKnownFileType = sourcecode.c.h; path = MainViewController.h; sourceTree = "<group>"; };
		840B608819596EBA00FB1F2E /* MainViewController.m */ = {isa = PBXFileReference; fileEncoding = 4; lastKnownFileType = sourcecode.c.objc; path = MainViewController.m; sourceTree = "<group>"; };
		841AD7A419348EE100490633 /* HNExample.app */ = {isa = PBXFileReference; explicitFileType = wrapper.application; includeInIndex = 0; path = HNExample.app; sourceTree = BUILT_PRODUCTS_DIR; };
		841AD7A719348EE100490633 /* Foundation.framework */ = {isa = PBXFileReference; lastKnownFileType = wrapper.framework; name = Foundation.framework; path = System/Library/Frameworks/Foundation.framework; sourceTree = SDKROOT; };
		841AD7A919348EE100490633 /* CoreGraphics.framework */ = {isa = PBXFileReference; lastKnownFileType = wrapper.framework; name = CoreGraphics.framework; path = System/Library/Frameworks/CoreGraphics.framework; sourceTree = SDKROOT; };
		841AD7AB19348EE100490633 /* UIKit.framework */ = {isa = PBXFileReference; lastKnownFileType = wrapper.framework; name = UIKit.framework; path = System/Library/Frameworks/UIKit.framework; sourceTree = SDKROOT; };
		841AD7C619348EE100490633 /* XCTest.framework */ = {isa = PBXFileReference; lastKnownFileType = wrapper.framework; name = XCTest.framework; path = Library/Frameworks/XCTest.framework; sourceTree = DEVELOPER_DIR; };
		841AD7E21934ACFB00490633 /* CoreTelephony.framework */ = {isa = PBXFileReference; lastKnownFileType = wrapper.framework; name = CoreTelephony.framework; path = System/Library/Frameworks/CoreTelephony.framework; sourceTree = SDKROOT; };
		8483EFF7195AC60B00D5AE58 /* HNExample-Prefix.pch */ = {isa = PBXFileReference; lastKnownFileType = sourcecode.c.h; path = "HNExample-Prefix.pch"; sourceTree = "<group>"; };
		8483EFF8195AC66300D5AE58 /* HNExample-Info.plist */ = {isa = PBXFileReference; fileEncoding = 4; lastKnownFileType = text.plist.xml; path = "HNExample-Info.plist"; sourceTree = "<group>"; };
		8483EFFB195ADF6400D5AE58 /* HNButton.h */ = {isa = PBXFileReference; fileEncoding = 4; lastKnownFileType = sourcecode.c.h; path = HNButton.h; sourceTree = "<group>"; };
		8483EFFC195ADF6400D5AE58 /* HNButton.m */ = {isa = PBXFileReference; fileEncoding = 4; lastKnownFileType = sourcecode.c.objc; path = HNButton.m; sourceTree = "<group>"; };
/* End PBXFileReference section */

/* Begin PBXFrameworksBuildPhase section */
		841AD7A119348EE100490633 /* Frameworks */ = {
			isa = PBXFrameworksBuildPhase;
			buildActionMask = 2147483647;
			files = (
				841AD7AC19348EE100490633 /* UIKit.framework in Frameworks */,
				841AD7A819348EE100490633 /* Foundation.framework in Frameworks */,
			);
			runOnlyForDeploymentPostprocessing = 0;
		};
/* End PBXFrameworksBuildPhase section */

/* Begin PBXGroup section */
		840B607719596EBA00FB1F2E /* HNExample */ = {
			isa = PBXGroup;
			children = (
				8483EFFA195ADF6400D5AE58 /* HNButton */,
				840B607819596EBA00FB1F2E /* Main.storyboard */,
				840B608419596EBA00FB1F2E /* main.m */,
				840B608519596EBA00FB1F2E /* MainAppDelegate.h */,
				840B608619596EBA00FB1F2E /* MainAppDelegate.m */,
				840B608719596EBA00FB1F2E /* MainViewController.h */,
				840B608819596EBA00FB1F2E /* MainViewController.m */,
				840B607A19596EBA00FB1F2E /* InfoPlist.strings */,
				8483EFF8195AC66300D5AE58 /* HNExample-Info.plist */,
				8483EFF7195AC60B00D5AE58 /* HNExample-Prefix.pch */,
				840B608319596EBA00FB1F2E /* Images.xcassets */,
			);
			path = HNExample;
			sourceTree = "<group>";
		};
		841AD79B19348EE100490633 = {
			isa = PBXGroup;
			children = (
				840B607719596EBA00FB1F2E /* HNExample */,
				841AD7A619348EE100490633 /* Frameworks */,
				841AD7A519348EE100490633 /* Products */,
			);
			sourceTree = "<group>";
		};
		841AD7A519348EE100490633 /* Products */ = {
			isa = PBXGroup;
			children = (
				841AD7A419348EE100490633 /* HNExample.app */,
			);
			name = Products;
			sourceTree = "<group>";
		};
		841AD7A619348EE100490633 /* Frameworks */ = {
			isa = PBXGroup;
			children = (
				841AD7E21934ACFB00490633 /* CoreTelephony.framework */,
				841AD7A719348EE100490633 /* Foundation.framework */,
				841AD7A919348EE100490633 /* CoreGraphics.framework */,
				841AD7AB19348EE100490633 /* UIKit.framework */,
				841AD7C619348EE100490633 /* XCTest.framework */,
			);
			name = Frameworks;
			sourceTree = "<group>";
		};
		8483EFFA195ADF6400D5AE58 /* HNButton */ = {
			isa = PBXGroup;
			children = (
				8483EFFB195ADF6400D5AE58 /* HNButton.h */,
				8483EFFC195ADF6400D5AE58 /* HNButton.m */,
			);
			name = HNButton;
			path = ../../HNButton;
			sourceTree = "<group>";
		};
/* End PBXGroup section */

/* Begin PBXNativeTarget section */
		841AD7A319348EE100490633 /* HNExample */ = {
			isa = PBXNativeTarget;
			buildConfigurationList = 841AD7D619348EE200490633 /* Build configuration list for PBXNativeTarget "HNExample" */;
			buildPhases = (
				841AD7A019348EE100490633 /* Sources */,
				841AD7A119348EE100490633 /* Frameworks */,
				841AD7A219348EE100490633 /* Resources */,
			);
			buildRules = (
			);
			dependencies = (
			);
			name = HNExample;
			productName = "Net checker";
			productReference = 841AD7A419348EE100490633 /* HNExample.app */;
			productType = "com.apple.product-type.application";
		};
/* End PBXNativeTarget section */

/* Begin PBXProject section */
		841AD79C19348EE100490633 /* Project object */ = {
			isa = PBXProject;
			attributes = {
				CLASSPREFIX = Main;
				LastUpgradeCheck = 0800;
				ORGANIZATIONNAME = TML;
				TargetAttributes = {
					841AD7A319348EE100490633 = {
						DevelopmentTeam = 4FA6W7YQGP;
						DevelopmentTeamName = "guan jing (Personal Team)";
					};
				};
			};
			buildConfigurationList = 841AD79F19348EE100490633 /* Build configuration list for PBXProject "HNExample" */;
			compatibilityVersion = "Xcode 3.2";
			developmentRegion = English;
			hasScannedForEncodings = 0;
			knownRegions = (
				en,
				Base,
			);
			mainGroup = 841AD79B19348EE100490633;
			productRefGroup = 841AD7A519348EE100490633 /* Products */;
			projectDirPath = "";
			projectRoot = "";
			targets = (
				841AD7A319348EE100490633 /* HNExample */,
			);
		};
/* End PBXProject section */

/* Begin PBXResourcesBuildPhase section */
		841AD7A219348EE100490633 /* Resources */ = {
			isa = PBXResourcesBuildPhase;
			buildActionMask = 2147483647;
			files = (
				84E68B95195D64A800FC2819 /* Images.xcassets in Resources */,
				84E68B94195D64A100FC2819 /* InfoPlist.strings in Resources */,
				84E68B93195D648000FC2819 /* Main.storyboard in Resources */,
			);
			runOnlyForDeploymentPostprocessing = 0;
		};
/* End PBXResourcesBuildPhase section */

/* Begin PBXSourcesBuildPhase section */
		841AD7A019348EE100490633 /* Sources */ = {
			isa = PBXSourcesBuildPhase;
			buildActionMask = 2147483647;
			files = (
				840B609F19596EBA00FB1F2E /* MainAppDelegate.m in Sources */,
				840B609E19596EBA00FB1F2E /* main.m in Sources */,
				840B60A019596EBA00FB1F2E /* MainViewController.m in Sources */,
				8483EFFD195ADF6400D5AE58 /* HNButton.m in Sources */,
			);
			runOnlyForDeploymentPostprocessing = 0;
		};
/* End PBXSourcesBuildPhase section */

/* Begin PBXVariantGroup section */
		840B607819596EBA00FB1F2E /* Main.storyboard */ = {
			isa = PBXVariantGroup;
			children = (
				840B607919596EBA00FB1F2E /* Base */,
			);
			name = Main.storyboard;
			sourceTree = "<group>";
		};
		840B607A19596EBA00FB1F2E /* InfoPlist.strings */ = {
			isa = PBXVariantGroup;
			children = (
				840B607B19596EBA00FB1F2E /* en */,
			);
			name = InfoPlist.strings;
			sourceTree = "<group>";
		};
/* End PBXVariantGroup section */

/* Begin XCBuildConfiguration section */
		841AD7D419348EE200490633 /* Debug */ = {
			isa = XCBuildConfiguration;
			buildSettings = {
				ALWAYS_SEARCH_USER_PATHS = NO;
				CLANG_CXX_LANGUAGE_STANDARD = "gnu++0x";
				CLANG_CXX_LIBRARY = "libc++";
				CLANG_ENABLE_MODULES = YES;
				CLANG_ENABLE_OBJC_ARC = YES;
				CLANG_WARN_BOOL_CONVERSION = YES;
				CLANG_WARN_CONSTANT_CONVERSION = YES;
				CLANG_WARN_DIRECT_OBJC_ISA_USAGE = YES_ERROR;
				CLANG_WARN_EMPTY_BODY = YES;
				CLANG_WARN_ENUM_CONVERSION = YES;
				CLANG_WARN_INT_CONVERSION = YES;
				CLANG_WARN_OBJC_ROOT_CLASS = YES_ERROR;
				CLANG_WARN_UNREACHABLE_CODE = YES;
				CLANG_WARN__DUPLICATE_METHOD_MATCH = YES;
				"CODE_SIGN_IDENTITY[sdk=iphoneos*]" = "iPhone Developer";
				COPY_PHASE_STRIP = NO;
				ENABLE_STRICT_OBJC_MSGSEND = YES;
				ENABLE_TESTABILITY = YES;
				GCC_C_LANGUAGE_STANDARD = gnu99;
				GCC_DYNAMIC_NO_PIC = NO;
				GCC_NO_COMMON_BLOCKS = YES;
				GCC_OPTIMIZATION_LEVEL = 0;
				GCC_PREPROCESSOR_DEFINITIONS = (
					"DEBUG=1",
					"$(inherited)",
				);
				GCC_SYMBOLS_PRIVATE_EXTERN = NO;
				GCC_WARN_64_TO_32_BIT_CONVERSION = YES;
				GCC_WARN_ABOUT_RETURN_TYPE = YES_ERROR;
				GCC_WARN_UNDECLARED_SELECTOR = YES;
				GCC_WARN_UNINITIALIZED_AUTOS = YES_AGGRESSIVE;
				GCC_WARN_UNUSED_FUNCTION = YES;
				GCC_WARN_UNUSED_VARIABLE = YES;
				IPHONEOS_DEPLOYMENT_TARGET = 10.0;
				ONLY_ACTIVE_ARCH = YES;
				SDKROOT = iphoneos;
			};
			name = Debug;
		};
		841AD7D519348EE200490633 /* Release */ = {
			isa = XCBuildConfiguration;
			buildSettings = {
				ALWAYS_SEARCH_USER_PATHS = NO;
				CLANG_CXX_LANGUAGE_STANDARD = "gnu++0x";
				CLANG_CXX_LIBRARY = "libc++";
				CLANG_ENABLE_MODULES = YES;
				CLANG_ENABLE_OBJC_ARC = YES;
				CLANG_WARN_BOOL_CONVERSION = YES;
				CLANG_WARN_CONSTANT_CONVERSION = YES;
				CLANG_WARN_DIRECT_OBJC_ISA_USAGE = YES_ERROR;
				CLANG_WARN_EMPTY_BODY = YES;
				CLANG_WARN_ENUM_CONVERSION = YES;
				CLANG_WARN_INT_CONVERSION = YES;
				CLANG_WARN_OBJC_ROOT_CLASS = YES_ERROR;
				CLANG_WARN_UNREACHABLE_CODE = YES;
				CLANG_WARN__DUPLICATE_METHOD_MATCH = YES;
				"CODE_SIGN_IDENTITY[sdk=iphoneos*]" = "iPhone Developer";
				COPY_PHASE_STRIP = YES;
				ENABLE_NS_ASSERTIONS = NO;
				ENABLE_STRICT_OBJC_MSGSEND = YES;
				GCC_C_LANGUAGE_STANDARD = gnu99;
				GCC_NO_COMMON_BLOCKS = YES;
				GCC_WARN_64_TO_32_BIT_CONVERSION = YES;
				GCC_WARN_ABOUT_RETURN_TYPE = YES_ERROR;
				GCC_WARN_UNDECLARED_SELECTOR = YES;
				GCC_WARN_UNINITIALIZED_AUTOS = YES_AGGRESSIVE;
				GCC_WARN_UNUSED_FUNCTION = YES;
				GCC_WARN_UNUSED_VARIABLE = YES;
				IPHONEOS_DEPLOYMENT_TARGET = 10.0;
				SDKROOT = iphoneos;
				VALIDATE_PRODUCT = YES;
			};
			name = Release;
		};
		841AD7D719348EE200490633 /* Debug */ = {
			isa = XCBuildConfiguration;
			buildSettings = {
				ASSETCATALOG_COMPILER_APPICON_NAME = AppIcon;
				ASSETCATALOG_COMPILER_LAUNCHIMAGE_NAME = LaunchImage;
				GCC_PRECOMPILE_PREFIX_HEADER = YES;
				GCC_PREFIX_HEADER = "HNExample/HNExample-Prefix.pch";
				INFOPLIST_FILE = "HNExample/HNExample-Info.plist";
				IPHONEOS_DEPLOYMENT_TARGET = 10.0;
				PRODUCT_BUNDLE_IDENTIFIER = "test.${PRODUCT_NAME:rfc1034identifier}";
				PRODUCT_NAME = HNExample;
				WRAPPER_EXTENSION = app;
			};
			name = Debug;
		};
		841AD7D819348EE200490633 /* Release */ = {
			isa = XCBuildConfiguration;
			buildSettings = {
				ASSETCATALOG_COMPILER_APPICON_NAME = AppIcon;
				ASSETCATALOG_COMPILER_LAUNCHIMAGE_NAME = LaunchImage;
				GCC_PRECOMPILE_PREFIX_HEADER = YES;
				GCC_PREFIX_HEADER = "HNExample/HNExample-Prefix.pch";
				INFOPLIST_FILE = "HNExample/HNExample-Info.plist";
				IPHONEOS_DEPLOYMENT_TARGET = 10.0;
				PRODUCT_BUNDLE_IDENTIFIER = "test.${PRODUCT_NAME:rfc1034identifier}";
				PRODUCT_NAME = HNExample;
				WRAPPER_EXTENSION = app;
			};
			name = Release;
		};
/* End XCBuildConfiguration section */

/* Begin XCConfigurationList section */
		841AD79F19348EE100490633 /* Build configuration list for PBXProject "HNExample" */ = {
			isa = XCConfigurationList;
			buildConfigurations = (
				841AD7D419348EE200490633 /* Debug */,
				841AD7D519348EE200490633 /* Release */,
			);
			defaultConfigurationIsVisible = 0;
			defaultConfigurationName = Release;
		};
		841AD7D619348EE200490633 /* Build configuration list for PBXNativeTarget "HNExample" */ = {
			isa = XCConfigurationList;
			buildConfigurations = (
				841AD7D719348EE200490633 /* Debug */,
				841AD7D819348EE200490633 /* Release */,
			);
			defaultConfigurationIsVisible = 0;
			defaultConfigurationName = Release;
		};
/* End XCConfigurationList section */
	};
	rootObject = 841AD79C19348EE100490633 /* Project object */;
}
