// !$*UTF8*$!
{
	archiveVersion = 1;
	classes = {
	};
	objectVersion = 46;
	objects = {

/* Begin PBXBuildFile section */
		D82B7D891B23034200DD4FBC /* main.m in Sources */ = {isa = PBXBuildFile; fileRef = D82B7D881B23034200DD4FBC /* main.m */; };
		D82B7D8C1B23034200DD4FBC /* AppDelegate.m in Sources */ = {isa = PBXBuildFile; fileRef = D82B7D8B1B23034200DD4FBC /* AppDelegate.m */; };
		D82B7D8F1B23034200DD4FBC /* ViewController.m in Sources */ = {isa = PBXBuildFile; fileRef = D82B7D8E1B23034200DD4FBC /* ViewController.m */; };
		D82B7D921B23034200DD4FBC /* Main.storyboard in Resources */ = {isa = PBXBuildFile; fileRef = D82B7D901B23034200DD4FBC /* Main.storyboard */; };
		D82B7D941B23034200DD4FBC /* Images.xcassets in Resources */ = {isa = PBXBuildFile; fileRef = D82B7D931B23034200DD4FBC /* Images.xcassets */; };
		D82B7D971B23034200DD4FBC /* LaunchScreen.xib in Resources */ = {isa = PBXBuildFile; fileRef = D82B7D951B23034200DD4FBC /* LaunchScreen.xib */; };
		D82B7DA31B23034300DD4FBC /* DemoTests.m in Sources */ = {isa = PBXBuildFile; fileRef = D82B7DA21B23034300DD4FBC /* DemoTests.m */; };
		D82B7DAE1B23038D00DD4FBC /* DemoButton.m in Sources */ = {isa = PBXBuildFile; fileRef = D82B7DAD1B23038D00DD4FBC /* DemoButton.m */; };
		D82B7DB21B2304D800DD4FBC /* UIView+Animation.m in Sources */ = {isa = PBXBuildFile; fileRef = D82B7DB11B2304D800DD4FBC /* UIView+Animation.m */; };
/* End PBXBuildFile section */

/* Begin PBXContainerItemProxy section */
		D82B7D9D1B23034300DD4FBC /* PBXContainerItemProxy */ = {
			isa = PBXContainerItemProxy;
			containerPortal = D82B7D7B1B23034200DD4FBC /* Project object */;
			proxyType = 1;
			remoteGlobalIDString = D82B7D821B23034200DD4FBC;
			remoteInfo = Demo;
		};
/* End PBXContainerItemProxy section */

/* Begin PBXFileReference section */
		D82B7D831B23034200DD4FBC /* Demo.app */ = {isa = PBXFileReference; explicitFileType = wrapper.application; includeInIndex = 0; path = Demo.app; sourceTree = BUILT_PRODUCTS_DIR; };
		D82B7D871B23034200DD4FBC /* Info.plist */ = {isa = PBXFileReference; lastKnownFileType = text.plist.xml; path = Info.plist; sourceTree = "<group>"; };
		D82B7D881B23034200DD4FBC /* main.m */ = {isa = PBXFileReference; lastKnownFileType = sourcecode.c.objc; path = main.m; sourceTree = "<group>"; };
		D82B7D8A1B23034200DD4FBC /* AppDelegate.h */ = {isa = PBXFileReference; lastKnownFileType = sourcecode.c.h; path = AppDelegate.h; sourceTree = "<group>"; };
		D82B7D8B1B23034200DD4FBC /* AppDelegate.m */ = {isa = PBXFileReference; lastKnownFileType = sourcecode.c.objc; path = AppDelegate.m; sourceTree = "<group>"; };
		D82B7D8D1B23034200DD4FBC /* ViewController.h */ = {isa = PBXFileReference; lastKnownFileType = sourcecode.c.h; path = ViewController.h; sourceTree = "<group>"; };
		D82B7D8E1B23034200DD4FBC /* ViewController.m */ = {isa = PBXFileReference; lastKnownFileType = sourcecode.c.objc; path = ViewController.m; sourceTree = "<group>"; };
		D82B7D911B23034200DD4FBC /* Base */ = {isa = PBXFileReference; lastKnownFileType = file.storyboard; name = Base; path = Base.lproj/Main.storyboard; sourceTree = "<group>"; };
		D82B7D931B23034200DD4FBC /* Images.xcassets */ = {isa = PBXFileReference; lastKnownFileType = folder.assetcatalog; path = Images.xcassets; sourceTree = "<group>"; };
		D82B7D961B23034200DD4FBC /* Base */ = {isa = PBXFileReference; lastKnownFileType = file.xib; name = Base; path = Base.lproj/LaunchScreen.xib; sourceTree = "<group>"; };
		D82B7D9C1B23034300DD4FBC /* DemoTests.xctest */ = {isa = PBXFileReference; explicitFileType = wrapper.cfbundle; includeInIndex = 0; path = DemoTests.xctest; sourceTree = BUILT_PRODUCTS_DIR; };
		D82B7DA11B23034300DD4FBC /* Info.plist */ = {isa = PBXFileReference; lastKnownFileType = text.plist.xml; path = Info.plist; sourceTree = "<group>"; };
		D82B7DA21B23034300DD4FBC /* DemoTests.m */ = {isa = PBXFileReference; lastKnownFileType = sourcecode.c.objc; path = DemoTests.m; sourceTree = "<group>"; };
		D82B7DAC1B23038D00DD4FBC /* DemoButton.h */ = {isa = PBXFileReference; fileEncoding = 4; lastKnownFileType = sourcecode.c.h; path = DemoButton.h; sourceTree = "<group>"; };
		D82B7DAD1B23038D00DD4FBC /* DemoButton.m */ = {isa = PBXFileReference; fileEncoding = 4; lastKnownFileType = sourcecode.c.objc; path = DemoButton.m; sourceTree = "<group>"; };
		D82B7DB01B2304D800DD4FBC /* UIView+Animation.h */ = {isa = PBXFileReference; fileEncoding = 4; lastKnownFileType = sourcecode.c.h; path = "UIView+Animation.h"; sourceTree = "<group>"; };
		D82B7DB11B2304D800DD4FBC /* UIView+Animation.m */ = {isa = PBXFileReference; fileEncoding = 4; lastKnownFileType = sourcecode.c.objc; path = "UIView+Animation.m"; sourceTree = "<group>"; };
/* End PBXFileReference section */

/* Begin PBXFrameworksBuildPhase section */
		D82B7D801B23034200DD4FBC /* Frameworks */ = {
			isa = PBXFrameworksBuildPhase;
			buildActionMask = 2147483647;
			files = (
			);
			runOnlyForDeploymentPostprocessing = 0;
		};
		D82B7D991B23034300DD4FBC /* Frameworks */ = {
			isa = PBXFrameworksBuildPhase;
			buildActionMask = 2147483647;
			files = (
			);
			runOnlyForDeploymentPostprocessing = 0;
		};
/* End PBXFrameworksBuildPhase section */

/* Begin PBXGroup section */
		D82B7D7A1B23034200DD4FBC = {
			isa = PBXGroup;
			children = (
				D82B7D851B23034200DD4FBC /* Demo */,
				D82B7D9F1B23034300DD4FBC /* DemoTests */,
				D82B7D841B23034200DD4FBC /* Products */,
			);
			sourceTree = "<group>";
		};
		D82B7D841B23034200DD4FBC /* Products */ = {
			isa = PBXGroup;
			children = (
				D82B7D831B23034200DD4FBC /* Demo.app */,
				D82B7D9C1B23034300DD4FBC /* DemoTests.xctest */,
			);
			name = Products;
			sourceTree = "<group>";
		};
		D82B7D851B23034200DD4FBC /* Demo */ = {
			isa = PBXGroup;
			children = (
				D82B7DAF1B2304D800DD4FBC /* UIView+Animation */,
				D82B7D8A1B23034200DD4FBC /* AppDelegate.h */,
				D82B7D8B1B23034200DD4FBC /* AppDelegate.m */,
				D82B7D8D1B23034200DD4FBC /* ViewController.h */,
				D82B7D8E1B23034200DD4FBC /* ViewController.m */,
				D82B7D901B23034200DD4FBC /* Main.storyboard */,
				D82B7D931B23034200DD4FBC /* Images.xcassets */,
				D82B7D951B23034200DD4FBC /* LaunchScreen.xib */,
				D82B7D861B23034200DD4FBC /* Supporting Files */,
				D82B7DAC1B23038D00DD4FBC /* DemoButton.h */,
				D82B7DAD1B23038D00DD4FBC /* DemoButton.m */,
			);
			path = Demo;
			sourceTree = "<group>";
		};
		D82B7D861B23034200DD4FBC /* Supporting Files */ = {
			isa = PBXGroup;
			children = (
				D82B7D871B23034200DD4FBC /* Info.plist */,
				D82B7D881B23034200DD4FBC /* main.m */,
			);
			name = "Supporting Files";
			sourceTree = "<group>";
		};
		D82B7D9F1B23034300DD4FBC /* DemoTests */ = {
			isa = PBXGroup;
			children = (
				D82B7DA21B23034300DD4FBC /* DemoTests.m */,
				D82B7DA01B23034300DD4FBC /* Supporting Files */,
			);
			path = DemoTests;
			sourceTree = "<group>";
		};
		D82B7DA01B23034300DD4FBC /* Supporting Files */ = {
			isa = PBXGroup;
			children = (
				D82B7DA11B23034300DD4FBC /* Info.plist */,
			);
			name = "Supporting Files";
			sourceTree = "<group>";
		};
		D82B7DAF1B2304D800DD4FBC /* UIView+Animation */ = {
			isa = PBXGroup;
			children = (
				D82B7DB01B2304D800DD4FBC /* UIView+Animation.h */,
				D82B7DB11B2304D800DD4FBC /* UIView+Animation.m */,
			);
			path = "UIView+Animation";
			sourceTree = "<group>";
		};
/* End PBXGroup section */

/* Begin PBXNativeTarget section */
		D82B7D821B23034200DD4FBC /* Demo */ = {
			isa = PBXNativeTarget;
			buildConfigurationList = D82B7DA61B23034300DD4FBC /* Build configuration list for PBXNativeTarget "Demo" */;
			buildPhases = (
				D82B7D7F1B23034200DD4FBC /* Sources */,
				D82B7D801B23034200DD4FBC /* Frameworks */,
				D82B7D811B23034200DD4FBC /* Resources */,
			);
			buildRules = (
			);
			dependencies = (
			);
			name = Demo;
			productName = Demo;
			productReference = D82B7D831B23034200DD4FBC /* Demo.app */;
			productType = "com.apple.product-type.application";
		};
		D82B7D9B1B23034300DD4FBC /* DemoTests */ = {
			isa = PBXNativeTarget;
			buildConfigurationList = D82B7DA91B23034300DD4FBC /* Build configuration list for PBXNativeTarget "DemoTests" */;
			buildPhases = (
				D82B7D981B23034300DD4FBC /* Sources */,
				D82B7D991B23034300DD4FBC /* Frameworks */,
				D82B7D9A1B23034300DD4FBC /* Resources */,
			);
			buildRules = (
			);
			dependencies = (
				D82B7D9E1B23034300DD4FBC /* PBXTargetDependency */,
			);
			name = DemoTests;
			productName = DemoTests;
			productReference = D82B7D9C1B23034300DD4FBC /* DemoTests.xctest */;
			productType = "com.apple.product-type.bundle.unit-test";
		};
/* End PBXNativeTarget section */

/* Begin PBXProject section */
		D82B7D7B1B23034200DD4FBC /* Project object */ = {
			isa = PBXProject;
			attributes = {
				LastUpgradeCheck = 0700;
				ORGANIZATIONNAME = zhidier;
				TargetAttributes = {
					D82B7D821B23034200DD4FBC = {
						CreatedOnToolsVersion = 6.3.2;
					};
					D82B7D9B1B23034300DD4FBC = {
						CreatedOnToolsVersion = 6.3.2;
						TestTargetID = D82B7D821B23034200DD4FBC;
					};
				};
			};
			buildConfigurationList = D82B7D7E1B23034200DD4FBC /* Build configuration list for PBXProject "Demo" */;
			compatibilityVersion = "Xcode 3.2";
			developmentRegion = English;
			hasScannedForEncodings = 0;
			knownRegions = (
				en,
				Base,
			);
			mainGroup = D82B7D7A1B23034200DD4FBC;
			productRefGroup = D82B7D841B23034200DD4FBC /* Products */;
			projectDirPath = "";
			projectRoot = "";
			targets = (
				D82B7D821B23034200DD4FBC /* Demo */,
				D82B7D9B1B23034300DD4FBC /* DemoTests */,
			);
		};
/* End PBXProject section */

/* Begin PBXResourcesBuildPhase section */
		D82B7D811B23034200DD4FBC /* Resources */ = {
			isa = PBXResourcesBuildPhase;
			buildActionMask = 2147483647;
			files = (
				D82B7D921B23034200DD4FBC /* Main.storyboard in Resources */,
				D82B7D971B23034200DD4FBC /* LaunchScreen.xib in Resources */,
				D82B7D941B23034200DD4FBC /* Images.xcassets in Resources */,
			);
			runOnlyForDeploymentPostprocessing = 0;
		};
		D82B7D9A1B23034300DD4FBC /* Resources */ = {
			isa = PBXResourcesBuildPhase;
			buildActionMask = 2147483647;
			files = (
			);
			runOnlyForDeploymentPostprocessing = 0;
		};
/* End PBXResourcesBuildPhase section */

/* Begin PBXSourcesBuildPhase section */
		D82B7D7F1B23034200DD4FBC /* Sources */ = {
			isa = PBXSourcesBuildPhase;
			buildActionMask = 2147483647;
			files = (
				D82B7DB21B2304D800DD4FBC /* UIView+Animation.m in Sources */,
				D82B7DAE1B23038D00DD4FBC /* DemoButton.m in Sources */,
				D82B7D8F1B23034200DD4FBC /* ViewController.m in Sources */,
				D82B7D8C1B23034200DD4FBC /* AppDelegate.m in Sources */,
				D82B7D891B23034200DD4FBC /* main.m in Sources */,
			);
			runOnlyForDeploymentPostprocessing = 0;
		};
		D82B7D981B23034300DD4FBC /* Sources */ = {
			isa = PBXSourcesBuildPhase;
			buildActionMask = 2147483647;
			files = (
				D82B7DA31B23034300DD4FBC /* DemoTests.m in Sources */,
			);
			runOnlyForDeploymentPostprocessing = 0;
		};
/* End PBXSourcesBuildPhase section */

/* Begin PBXTargetDependency section */
		D82B7D9E1B23034300DD4FBC /* PBXTargetDependency */ = {
			isa = PBXTargetDependency;
			target = D82B7D821B23034200DD4FBC /* Demo */;
			targetProxy = D82B7D9D1B23034300DD4FBC /* PBXContainerItemProxy */;
		};
/* End PBXTargetDependency section */

/* Begin PBXVariantGroup section */
		D82B7D901B23034200DD4FBC /* Main.storyboard */ = {
			isa = PBXVariantGroup;
			children = (
				D82B7D911B23034200DD4FBC /* Base */,
			);
			name = Main.storyboard;
			sourceTree = "<group>";
		};
		D82B7D951B23034200DD4FBC /* LaunchScreen.xib */ = {
			isa = PBXVariantGroup;
			children = (
				D82B7D961B23034200DD4FBC /* Base */,
			);
			name = LaunchScreen.xib;
			sourceTree = "<group>";
		};
/* End PBXVariantGroup section */

/* Begin XCBuildConfiguration section */
		D82B7DA41B23034300DD4FBC /* Debug */ = {
			isa = XCBuildConfiguration;
			buildSettings = {
				ALWAYS_SEARCH_USER_PATHS = NO;
				CLANG_CXX_LANGUAGE_STANDARD = "gnu++0x";
				CLANG_CXX_LIBRARY = "libc++";
				CLANG_ENABLE_MODULES = YES;
				CLANG_ENABLE_OBJC_ARC = YES;
				CLANG_WARN_BOOL_CONVERSION = YES;
				CLANG_WARN_CONSTANT_CONVERSION = YES;
				CLANG_WARN_DIRECT_OBJC_ISA_USAGE = YES_ERROR;
				CLANG_WARN_EMPTY_BODY = YES;
				CLANG_WARN_ENUM_CONVERSION = YES;
				CLANG_WARN_INT_CONVERSION = YES;
				CLANG_WARN_OBJC_ROOT_CLASS = YES_ERROR;
				CLANG_WARN_UNREACHABLE_CODE = YES;
				CLANG_WARN__DUPLICATE_METHOD_MATCH = YES;
				"CODE_SIGN_IDENTITY[sdk=iphoneos*]" = "iPhone Developer";
				COPY_PHASE_STRIP = NO;
				DEBUG_INFORMATION_FORMAT = "dwarf-with-dsym";
				ENABLE_STRICT_OBJC_MSGSEND = YES;
				ENABLE_TESTABILITY = YES;
				GCC_C_LANGUAGE_STANDARD = gnu99;
				GCC_DYNAMIC_NO_PIC = NO;
				GCC_NO_COMMON_BLOCKS = YES;
				GCC_OPTIMIZATION_LEVEL = 0;
				GCC_PREPROCESSOR_DEFINITIONS = (
					"DEBUG=1",
					"$(inherited)",
				);
				GCC_SYMBOLS_PRIVATE_EXTERN = NO;
				GCC_WARN_64_TO_32_BIT_CONVERSION = YES;
				GCC_WARN_ABOUT_RETURN_TYPE = YES_ERROR;
				GCC_WARN_UNDECLARED_SELECTOR = YES;
				GCC_WARN_UNINITIALIZED_AUTOS = YES_AGGRESSIVE;
				GCC_WARN_UNUSED_FUNCTION = YES;
				GCC_WARN_UNUSED_VARIABLE = YES;
				IPHONEOS_DEPLOYMENT_TARGET = 9.0;
				MTL_ENABLE_DEBUG_INFO = YES;
				ONLY_ACTIVE_ARCH = YES;
				SDKROOT = iphoneos;
			};
			name = Debug;
		};
		D82B7DA51B23034300DD4FBC /* Release */ = {
			isa = XCBuildConfiguration;
			buildSettings = {
				ALWAYS_SEARCH_USER_PATHS = NO;
				CLANG_CXX_LANGUAGE_STANDARD = "gnu++0x";
				CLANG_CXX_LIBRARY = "libc++";
				CLANG_ENABLE_MODULES = YES;
				CLANG_ENABLE_OBJC_ARC = YES;
				CLANG_WARN_BOOL_CONVERSION = YES;
				CLANG_WARN_CONSTANT_CONVERSION = YES;
				CLANG_WARN_DIRECT_OBJC_ISA_USAGE = YES_ERROR;
				CLANG_WARN_EMPTY_BODY = YES;
				CLANG_WARN_ENUM_CONVERSION = YES;
				CLANG_WARN_INT_CONVERSION = YES;
				CLANG_WARN_OBJC_ROOT_CLASS = YES_ERROR;
				CLANG_WARN_UNREACHABLE_CODE = YES;
				CLANG_WARN__DUPLICATE_METHOD_MATCH = YES;
				"CODE_SIGN_IDENTITY[sdk=iphoneos*]" = "iPhone Developer";
				COPY_PHASE_STRIP = NO;
				DEBUG_INFORMATION_FORMAT = "dwarf-with-dsym";
				ENABLE_NS_ASSERTIONS = NO;
				ENABLE_STRICT_OBJC_MSGSEND = YES;
				GCC_C_LANGUAGE_STANDARD = gnu99;
				GCC_NO_COMMON_BLOCKS = YES;
				GCC_WARN_64_TO_32_BIT_CONVERSION = YES;
				GCC_WARN_ABOUT_RETURN_TYPE = YES_ERROR;
				GCC_WARN_UNDECLARED_SELECTOR = YES;
				GCC_WARN_UNINITIALIZED_AUTOS = YES_AGGRESSIVE;
				GCC_WARN_UNUSED_FUNCTION = YES;
				GCC_WARN_UNUSED_VARIABLE = YES;
				IPHONEOS_DEPLOYMENT_TARGET = 9.0;
				MTL_ENABLE_DEBUG_INFO = NO;
				SDKROOT = iphoneos;
				VALIDATE_PRODUCT = YES;
			};
			name = Release;
		};
		D82B7DA71B23034300DD4FBC /* Debug */ = {
			isa = XCBuildConfiguration;
			buildSettings = {
				ASSETCATALOG_COMPILER_APPICON_NAME = AppIcon;
				INFOPLIST_FILE = Demo/Info.plist;
				IPHONEOS_DEPLOYMENT_TARGET = 10.0;
				LD_RUNPATH_SEARCH_PATHS = "$(inherited) @executable_path/Frameworks";
				PRODUCT_BUNDLE_IDENTIFIER = "com.zhidier.$(PRODUCT_NAME:rfc1034identifier)";
				PRODUCT_NAME = "$(TARGET_NAME)";
			};
			name = Debug;
		};
		D82B7DA81B23034300DD4FBC /* Release */ = {
			isa = XCBuildConfiguration;
			buildSettings = {
				ASSETCATALOG_COMPILER_APPICON_NAME = AppIcon;
				INFOPLIST_FILE = Demo/Info.plist;
				IPHONEOS_DEPLOYMENT_TARGET = 10.0;
				LD_RUNPATH_SEARCH_PATHS = "$(inherited) @executable_path/Frameworks";
				PRODUCT_BUNDLE_IDENTIFIER = "com.zhidier.$(PRODUCT_NAME:rfc1034identifier)";
				PRODUCT_NAME = "$(TARGET_NAME)";
			};
			name = Release;
		};
		D82B7DAA1B23034300DD4FBC /* Debug */ = {
			isa = XCBuildConfiguration;
			buildSettings = {
				BUNDLE_LOADER = "$(TEST_HOST)";
				FRAMEWORK_SEARCH_PATHS = (
					"$(SDKROOT)/Developer/Library/Frameworks",
					"$(inherited)",
				);
				GCC_PREPROCESSOR_DEFINITIONS = (
					"DEBUG=1",
					"$(inherited)",
				);
				INFOPLIST_FILE = DemoTests/Info.plist;
				LD_RUNPATH_SEARCH_PATHS = "$(inherited) @executable_path/Frameworks @loader_path/Frameworks";
				PRODUCT_BUNDLE_IDENTIFIER = "com.zhidier.$(PRODUCT_NAME:rfc1034identifier)";
				PRODUCT_NAME = "$(TARGET_NAME)";
				TEST_HOST = "$(BUILT_PRODUCTS_DIR)/Demo.app/Demo";
			};
			name = Debug;
		};
		D82B7DAB1B23034300DD4FBC /* Release */ = {
			isa = XCBuildConfiguration;
			buildSettings = {
				BUNDLE_LOADER = "$(TEST_HOST)";
				FRAMEWORK_SEARCH_PATHS = (
					"$(SDKROOT)/Developer/Library/Frameworks",
					"$(inherited)",
				);
				INFOPLIST_FILE = DemoTests/Info.plist;
				LD_RUNPATH_SEARCH_PATHS = "$(inherited) @executable_path/Frameworks @loader_path/Frameworks";
				PRODUCT_BUNDLE_IDENTIFIER = "com.zhidier.$(PRODUCT_NAME:rfc1034identifier)";
				PRODUCT_NAME = "$(TARGET_NAME)";
				TEST_HOST = "$(BUILT_PRODUCTS_DIR)/Demo.app/Demo";
			};
			name = Release;
		};
/* End XCBuildConfiguration section */

/* Begin XCConfigurationList section */
		D82B7D7E1B23034200DD4FBC /* Build configuration list for PBXProject "Demo" */ = {
			isa = XCConfigurationList;
			buildConfigurations = (
				D82B7DA41B23034300DD4FBC /* Debug */,
				D82B7DA51B23034300DD4FBC /* Release */,
			);
			defaultConfigurationIsVisible = 0;
			defaultConfigurationName = Release;
		};
		D82B7DA61B23034300DD4FBC /* Build configuration list for PBXNativeTarget "Demo" */ = {
			isa = XCConfigurationList;
			buildConfigurations = (
				D82B7DA71B23034300DD4FBC /* Debug */,
				D82B7DA81B23034300DD4FBC /* Release */,
			);
			defaultConfigurationIsVisible = 0;
			defaultConfigurationName = Release;
		};
		D82B7DA91B23034300DD4FBC /* Build configuration list for PBXNativeTarget "DemoTests" */ = {
			isa = XCConfigurationList;
			buildConfigurations = (
				D82B7DAA1B23034300DD4FBC /* Debug */,
				D82B7DAB1B23034300DD4FBC /* Release */,
			);
			defaultConfigurationIsVisible = 0;
			defaultConfigurationName = Release;
		};
/* End XCConfigurationList section */
	};
	rootObject = D82B7D7B1B23034200DD4FBC /* Project object */;
}
