// !$*UTF8*$!
{
	archiveVersion = 1;
	classes = {
	};
	objectVersion = 46;
	objects = {

/* Begin PBXBuildFile section */
		276A5DB0143A87F2004448FF /* UIKit.framework in Frameworks */ = {isa = PBXBuildFile; fileRef = 276A5DAF143A87F2004448FF /* UIKit.framework */; };
		276A5DB2143A87F2004448FF /* Foundation.framework in Frameworks */ = {isa = PBXBuildFile; fileRef = 276A5DB1143A87F2004448FF /* Foundation.framework */; };
		276A5DB4143A87F2004448FF /* CoreGraphics.framework in Frameworks */ = {isa = PBXBuildFile; fileRef = 276A5DB3143A87F2004448FF /* CoreGraphics.framework */; };
		276A5DBA143A87F2004448FF /* InfoPlist.strings in Resources */ = {isa = PBXBuildFile; fileRef = 276A5DB8143A87F2004448FF /* InfoPlist.strings */; };
		276A5DBC143A87F2004448FF /* main.m in Sources */ = {isa = PBXBuildFile; fileRef = 276A5DBB143A87F2004448FF /* main.m */; };
		276A5DC0143A87F2004448FF /* AppDelegate.m in Sources */ = {isa = PBXBuildFile; fileRef = 276A5DBF143A87F2004448FF /* AppDelegate.m */; };
		276A5DC3143A87F2004448FF /* MainStoryboard.storyboard in Resources */ = {isa = PBXBuildFile; fileRef = 276A5DC1143A87F2004448FF /* MainStoryboard.storyboard */; };
		276A5DC6143A87F2004448FF /* ViewController.m in Sources */ = {isa = PBXBuildFile; fileRef = 276A5DC5143A87F2004448FF /* ViewController.m */; };
		276A5DCE143A8C2D004448FF /* DateChooserViewController.m in Sources */ = {isa = PBXBuildFile; fileRef = 276A5DCD143A8C2D004448FF /* DateChooserViewController.m */; };
		ACB5DEF6166CBE4B00A36FD8 /* Default-568h@2x.png in Resources */ = {isa = PBXBuildFile; fileRef = ACB5DEF5166CBE4B00A36FD8 /* Default-568h@2x.png */; };
/* End PBXBuildFile section */

/* Begin PBXFileReference section */
		276A5DAB143A87F2004448FF /* DateCalc.app */ = {isa = PBXFileReference; explicitFileType = wrapper.application; includeInIndex = 0; path = DateCalc.app; sourceTree = BUILT_PRODUCTS_DIR; };
		276A5DAF143A87F2004448FF /* UIKit.framework */ = {isa = PBXFileReference; lastKnownFileType = wrapper.framework; name = UIKit.framework; path = System/Library/Frameworks/UIKit.framework; sourceTree = SDKROOT; };
		276A5DB1143A87F2004448FF /* Foundation.framework */ = {isa = PBXFileReference; lastKnownFileType = wrapper.framework; name = Foundation.framework; path = System/Library/Frameworks/Foundation.framework; sourceTree = SDKROOT; };
		276A5DB3143A87F2004448FF /* CoreGraphics.framework */ = {isa = PBXFileReference; lastKnownFileType = wrapper.framework; name = CoreGraphics.framework; path = System/Library/Frameworks/CoreGraphics.framework; sourceTree = SDKROOT; };
		276A5DB7143A87F2004448FF /* DateCalc-Info.plist */ = {isa = PBXFileReference; lastKnownFileType = text.plist.xml; path = "DateCalc-Info.plist"; sourceTree = "<group>"; };
		276A5DB9143A87F2004448FF /* en */ = {isa = PBXFileReference; lastKnownFileType = text.plist.strings; name = en; path = en.lproj/InfoPlist.strings; sourceTree = "<group>"; };
		276A5DBB143A87F2004448FF /* main.m */ = {isa = PBXFileReference; lastKnownFileType = sourcecode.c.objc; path = main.m; sourceTree = "<group>"; };
		276A5DBD143A87F2004448FF /* DateCalc-Prefix.pch */ = {isa = PBXFileReference; lastKnownFileType = sourcecode.c.h; path = "DateCalc-Prefix.pch"; sourceTree = "<group>"; };
		276A5DBE143A87F2004448FF /* AppDelegate.h */ = {isa = PBXFileReference; lastKnownFileType = sourcecode.c.h; path = AppDelegate.h; sourceTree = "<group>"; };
		276A5DBF143A87F2004448FF /* AppDelegate.m */ = {isa = PBXFileReference; lastKnownFileType = sourcecode.c.objc; path = AppDelegate.m; sourceTree = "<group>"; };
		276A5DC2143A87F2004448FF /* en */ = {isa = PBXFileReference; lastKnownFileType = file.storyboard; name = en; path = en.lproj/MainStoryboard.storyboard; sourceTree = "<group>"; };
		276A5DC4143A87F2004448FF /* ViewController.h */ = {isa = PBXFileReference; lastKnownFileType = sourcecode.c.h; path = ViewController.h; sourceTree = "<group>"; };
		276A5DC5143A87F2004448FF /* ViewController.m */ = {isa = PBXFileReference; lastKnownFileType = sourcecode.c.objc; path = ViewController.m; sourceTree = "<group>"; };
		276A5DCC143A8C2D004448FF /* DateChooserViewController.h */ = {isa = PBXFileReference; fileEncoding = 4; lastKnownFileType = sourcecode.c.h; path = DateChooserViewController.h; sourceTree = "<group>"; };
		276A5DCD143A8C2D004448FF /* DateChooserViewController.m */ = {isa = PBXFileReference; fileEncoding = 4; lastKnownFileType = sourcecode.c.objc; path = DateChooserViewController.m; sourceTree = "<group>"; };
		ACB5DEF5166CBE4B00A36FD8 /* Default-568h@2x.png */ = {isa = PBXFileReference; lastKnownFileType = image.png; path = "Default-568h@2x.png"; sourceTree = "<group>"; };
/* End PBXFileReference section */

/* Begin PBXFrameworksBuildPhase section */
		276A5DA8143A87F2004448FF /* Frameworks */ = {
			isa = PBXFrameworksBuildPhase;
			buildActionMask = 2147483647;
			files = (
				276A5DB0143A87F2004448FF /* UIKit.framework in Frameworks */,
				276A5DB2143A87F2004448FF /* Foundation.framework in Frameworks */,
				276A5DB4143A87F2004448FF /* CoreGraphics.framework in Frameworks */,
			);
			runOnlyForDeploymentPostprocessing = 0;
		};
/* End PBXFrameworksBuildPhase section */

/* Begin PBXGroup section */
		276A5DA0143A87F2004448FF = {
			isa = PBXGroup;
			children = (
				ACB5DEF5166CBE4B00A36FD8 /* Default-568h@2x.png */,
				276A5DB5143A87F2004448FF /* DateCalc */,
				276A5DAE143A87F2004448FF /* Frameworks */,
				276A5DAC143A87F2004448FF /* Products */,
			);
			sourceTree = "<group>";
		};
		276A5DAC143A87F2004448FF /* Products */ = {
			isa = PBXGroup;
			children = (
				276A5DAB143A87F2004448FF /* DateCalc.app */,
			);
			name = Products;
			sourceTree = "<group>";
		};
		276A5DAE143A87F2004448FF /* Frameworks */ = {
			isa = PBXGroup;
			children = (
				276A5DAF143A87F2004448FF /* UIKit.framework */,
				276A5DB1143A87F2004448FF /* Foundation.framework */,
				276A5DB3143A87F2004448FF /* CoreGraphics.framework */,
			);
			name = Frameworks;
			sourceTree = "<group>";
		};
		276A5DB5143A87F2004448FF /* DateCalc */ = {
			isa = PBXGroup;
			children = (
				276A5DBE143A87F2004448FF /* AppDelegate.h */,
				276A5DBF143A87F2004448FF /* AppDelegate.m */,
				276A5DC1143A87F2004448FF /* MainStoryboard.storyboard */,
				276A5DC4143A87F2004448FF /* ViewController.h */,
				276A5DC5143A87F2004448FF /* ViewController.m */,
				276A5DCC143A8C2D004448FF /* DateChooserViewController.h */,
				276A5DCD143A8C2D004448FF /* DateChooserViewController.m */,
				276A5DB6143A87F2004448FF /* Supporting Files */,
			);
			path = DateCalc;
			sourceTree = "<group>";
		};
		276A5DB6143A87F2004448FF /* Supporting Files */ = {
			isa = PBXGroup;
			children = (
				276A5DB7143A87F2004448FF /* DateCalc-Info.plist */,
				276A5DB8143A87F2004448FF /* InfoPlist.strings */,
				276A5DBB143A87F2004448FF /* main.m */,
				276A5DBD143A87F2004448FF /* DateCalc-Prefix.pch */,
			);
			name = "Supporting Files";
			sourceTree = "<group>";
		};
/* End PBXGroup section */

/* Begin PBXNativeTarget section */
		276A5DAA143A87F2004448FF /* DateCalc */ = {
			isa = PBXNativeTarget;
			buildConfigurationList = 276A5DC9143A87F2004448FF /* Build configuration list for PBXNativeTarget "DateCalc" */;
			buildPhases = (
				276A5DA7143A87F2004448FF /* Sources */,
				276A5DA8143A87F2004448FF /* Frameworks */,
				276A5DA9143A87F2004448FF /* Resources */,
			);
			buildRules = (
			);
			dependencies = (
			);
			name = DateCalc;
			productName = DateCalc;
			productReference = 276A5DAB143A87F2004448FF /* DateCalc.app */;
			productType = "com.apple.product-type.application";
		};
/* End PBXNativeTarget section */

/* Begin PBXProject section */
		276A5DA2143A87F2004448FF /* Project object */ = {
			isa = PBXProject;
			attributes = {
				LastUpgradeCheck = 0700;
				ORGANIZATIONNAME = "John E. Ray";
				TargetAttributes = {
					276A5DAA143A87F2004448FF = {
						DevelopmentTeam = 4FA6W7YQGP;
						DevelopmentTeamName = "guan jing (Personal Team)";
					};
				};
			};
			buildConfigurationList = 276A5DA5143A87F2004448FF /* Build configuration list for PBXProject "DateCalc" */;
			compatibilityVersion = "Xcode 3.2";
			developmentRegion = English;
			hasScannedForEncodings = 0;
			knownRegions = (
				en,
			);
			mainGroup = 276A5DA0143A87F2004448FF;
			productRefGroup = 276A5DAC143A87F2004448FF /* Products */;
			projectDirPath = "";
			projectRoot = "";
			targets = (
				276A5DAA143A87F2004448FF /* DateCalc */,
			);
		};
/* End PBXProject section */

/* Begin PBXResourcesBuildPhase section */
		276A5DA9143A87F2004448FF /* Resources */ = {
			isa = PBXResourcesBuildPhase;
			buildActionMask = 2147483647;
			files = (
				276A5DBA143A87F2004448FF /* InfoPlist.strings in Resources */,
				276A5DC3143A87F2004448FF /* MainStoryboard.storyboard in Resources */,
				ACB5DEF6166CBE4B00A36FD8 /* Default-568h@2x.png in Resources */,
			);
			runOnlyForDeploymentPostprocessing = 0;
		};
/* End PBXResourcesBuildPhase section */

/* Begin PBXSourcesBuildPhase section */
		276A5DA7143A87F2004448FF /* Sources */ = {
			isa = PBXSourcesBuildPhase;
			buildActionMask = 2147483647;
			files = (
				276A5DBC143A87F2004448FF /* main.m in Sources */,
				276A5DC0143A87F2004448FF /* AppDelegate.m in Sources */,
				276A5DC6143A87F2004448FF /* ViewController.m in Sources */,
				276A5DCE143A8C2D004448FF /* DateChooserViewController.m in Sources */,
			);
			runOnlyForDeploymentPostprocessing = 0;
		};
/* End PBXSourcesBuildPhase section */

/* Begin PBXVariantGroup section */
		276A5DB8143A87F2004448FF /* InfoPlist.strings */ = {
			isa = PBXVariantGroup;
			children = (
				276A5DB9143A87F2004448FF /* en */,
			);
			name = InfoPlist.strings;
			sourceTree = "<group>";
		};
		276A5DC1143A87F2004448FF /* MainStoryboard.storyboard */ = {
			isa = PBXVariantGroup;
			children = (
				276A5DC2143A87F2004448FF /* en */,
			);
			name = MainStoryboard.storyboard;
			sourceTree = "<group>";
		};
/* End PBXVariantGroup section */

/* Begin XCBuildConfiguration section */
		276A5DC7143A87F2004448FF /* Debug */ = {
			isa = XCBuildConfiguration;
			buildSettings = {
				ALWAYS_SEARCH_USER_PATHS = NO;
				CLANG_ENABLE_OBJC_ARC = YES;
				CLANG_WARN_BOOL_CONVERSION = YES;
				CLANG_WARN_CONSTANT_CONVERSION = YES;
				CLANG_WARN_EMPTY_BODY = YES;
				CLANG_WARN_ENUM_CONVERSION = YES;
				CLANG_WARN_INT_CONVERSION = YES;
				CLANG_WARN_UNREACHABLE_CODE = YES;
				CLANG_WARN__DUPLICATE_METHOD_MATCH = YES;
				"CODE_SIGN_IDENTITY[sdk=iphoneos*]" = "iPhone Developer";
				COPY_PHASE_STRIP = NO;
				ENABLE_STRICT_OBJC_MSGSEND = YES;
				ENABLE_TESTABILITY = YES;
				GCC_C_LANGUAGE_STANDARD = gnu99;
				GCC_DYNAMIC_NO_PIC = NO;
				GCC_NO_COMMON_BLOCKS = YES;
				GCC_OPTIMIZATION_LEVEL = 0;
				GCC_PREPROCESSOR_DEFINITIONS = (
					"DEBUG=1",
					"$(inherited)",
				);
				GCC_SYMBOLS_PRIVATE_EXTERN = NO;
				GCC_VERSION = com.apple.compilers.llvm.clang.1_0;
				GCC_WARN_64_TO_32_BIT_CONVERSION = YES;
				GCC_WARN_ABOUT_MISSING_PROTOTYPES = YES;
				GCC_WARN_ABOUT_RETURN_TYPE = YES;
				GCC_WARN_UNDECLARED_SELECTOR = YES;
				GCC_WARN_UNINITIALIZED_AUTOS = YES;
				GCC_WARN_UNUSED_FUNCTION = YES;
				GCC_WARN_UNUSED_VARIABLE = YES;
				IPHONEOS_DEPLOYMENT_TARGET = 9.0;
				ONLY_ACTIVE_ARCH = YES;
				SDKROOT = iphoneos;
			};
			name = Debug;
		};
		276A5DC8143A87F2004448FF /* Release */ = {
			isa = XCBuildConfiguration;
			buildSettings = {
				ALWAYS_SEARCH_USER_PATHS = NO;
				CLANG_ENABLE_OBJC_ARC = YES;
				CLANG_WARN_BOOL_CONVERSION = YES;
				CLANG_WARN_CONSTANT_CONVERSION = YES;
				CLANG_WARN_EMPTY_BODY = YES;
				CLANG_WARN_ENUM_CONVERSION = YES;
				CLANG_WARN_INT_CONVERSION = YES;
				CLANG_WARN_UNREACHABLE_CODE = YES;
				CLANG_WARN__DUPLICATE_METHOD_MATCH = YES;
				"CODE_SIGN_IDENTITY[sdk=iphoneos*]" = "iPhone Developer";
				COPY_PHASE_STRIP = YES;
				ENABLE_STRICT_OBJC_MSGSEND = YES;
				GCC_C_LANGUAGE_STANDARD = gnu99;
				GCC_NO_COMMON_BLOCKS = YES;
				GCC_VERSION = com.apple.compilers.llvm.clang.1_0;
				GCC_WARN_64_TO_32_BIT_CONVERSION = YES;
				GCC_WARN_ABOUT_MISSING_PROTOTYPES = YES;
				GCC_WARN_ABOUT_RETURN_TYPE = YES;
				GCC_WARN_UNDECLARED_SELECTOR = YES;
				GCC_WARN_UNINITIALIZED_AUTOS = YES;
				GCC_WARN_UNUSED_FUNCTION = YES;
				GCC_WARN_UNUSED_VARIABLE = YES;
				IPHONEOS_DEPLOYMENT_TARGET = 9.0;
				OTHER_CFLAGS = "-DNS_BLOCK_ASSERTIONS=1";
				SDKROOT = iphoneos;
				VALIDATE_PRODUCT = YES;
			};
			name = Release;
		};
		276A5DCA143A87F2004448FF /* Debug */ = {
			isa = XCBuildConfiguration;
			buildSettings = {
				GCC_PRECOMPILE_PREFIX_HEADER = YES;
				GCC_PREFIX_HEADER = "";
				INFOPLIST_FILE = "DateCalc/DateCalc-Info.plist";
				IPHONEOS_DEPLOYMENT_TARGET = 10.0;
				PRODUCT_BUNDLE_IDENTIFIER = "com.teachyourselfios.${PRODUCT_NAME:rfc1034identifier}";
				PRODUCT_NAME = "$(TARGET_NAME)";
				WRAPPER_EXTENSION = app;
			};
			name = Debug;
		};
		276A5DCB143A87F2004448FF /* Release */ = {
			isa = XCBuildConfiguration;
			buildSettings = {
				GCC_PRECOMPILE_PREFIX_HEADER = YES;
				GCC_PREFIX_HEADER = "";
				INFOPLIST_FILE = "DateCalc/DateCalc-Info.plist";
				IPHONEOS_DEPLOYMENT_TARGET = 10.0;
				PRODUCT_BUNDLE_IDENTIFIER = "com.teachyourselfios.${PRODUCT_NAME:rfc1034identifier}";
				PRODUCT_NAME = "$(TARGET_NAME)";
				WRAPPER_EXTENSION = app;
			};
			name = Release;
		};
/* End XCBuildConfiguration section */

/* Begin XCConfigurationList section */
		276A5DA5143A87F2004448FF /* Build configuration list for PBXProject "DateCalc" */ = {
			isa = XCConfigurationList;
			buildConfigurations = (
				276A5DC7143A87F2004448FF /* Debug */,
				276A5DC8143A87F2004448FF /* Release */,
			);
			defaultConfigurationIsVisible = 0;
			defaultConfigurationName = Release;
		};
		276A5DC9143A87F2004448FF /* Build configuration list for PBXNativeTarget "DateCalc" */ = {
			isa = XCConfigurationList;
			buildConfigurations = (
				276A5DCA143A87F2004448FF /* Debug */,
				276A5DCB143A87F2004448FF /* Release */,
			);
			defaultConfigurationIsVisible = 0;
			defaultConfigurationName = Release;
		};
/* End XCConfigurationList section */
	};
	rootObject = 276A5DA2143A87F2004448FF /* Project object */;
}
